// !$*UTF8*$!
{
	archiveVersion = 1;
	classes = {
	};
	objectVersion = 56;
	objects = {

/* Begin PBXBuildFile section */
		4A0F62C729D302C40016F855 /* StatusModel.swift in Sources */ = {isa = PBXBuildFile; fileRef = 4A0F62C629D302C40016F855 /* StatusModel.swift */; };
		4A0F62C829D302C40016F855 /* StatusModel.swift in Sources */ = {isa = PBXBuildFile; fileRef = 4A0F62C629D302C40016F855 /* StatusModel.swift */; };
		4A0F62CA29D304960016F855 /* HeroView.swift in Sources */ = {isa = PBXBuildFile; fileRef = 4A0F62C929D304960016F855 /* HeroView.swift */; };
		4A0F62CB29D304960016F855 /* HeroView.swift in Sources */ = {isa = PBXBuildFile; fileRef = 4A0F62C929D304960016F855 /* HeroView.swift */; };
		4A0F62CC29D304960016F855 /* HeroView.swift in Sources */ = {isa = PBXBuildFile; fileRef = 4A0F62C929D304960016F855 /* HeroView.swift */; };
		4A2EE1FB29D5EAE500C8093D /* SeriesRowView.swift in Sources */ = {isa = PBXBuildFile; fileRef = 4A2EE1FA29D5EAE500C8093D /* SeriesRowView.swift */; };
		4A2EE1FC29D5EAE500C8093D /* SeriesRowView.swift in Sources */ = {isa = PBXBuildFile; fileRef = 4A2EE1FA29D5EAE500C8093D /* SeriesRowView.swift */; };
		4A2EE1FD29D5EAE500C8093D /* SeriesRowView.swift in Sources */ = {isa = PBXBuildFile; fileRef = 4A2EE1FA29D5EAE500C8093D /* SeriesRowView.swift */; };
		4A2EE1FF29D5F03E00C8093D /* SeriesViewModel.swift in Sources */ = {isa = PBXBuildFile; fileRef = 4A2EE1FE29D5F03E00C8093D /* SeriesViewModel.swift */; };
		4A2EE20029D5F03E00C8093D /* SeriesViewModel.swift in Sources */ = {isa = PBXBuildFile; fileRef = 4A2EE1FE29D5F03E00C8093D /* SeriesViewModel.swift */; };
		4A2EE20229D5F0DC00C8093D /* SeriesModel.swift in Sources */ = {isa = PBXBuildFile; fileRef = 4A2EE20129D5F0DC00C8093D /* SeriesModel.swift */; };
		4A2EE20329D5F0DC00C8093D /* SeriesModel.swift in Sources */ = {isa = PBXBuildFile; fileRef = 4A2EE20129D5F0DC00C8093D /* SeriesModel.swift */; };
		4A4EA53B2AF9558000D65D0E /* herolistmac.png in Resources */ = {isa = PBXBuildFile; fileRef = 4A4EA53A2AF9558000D65D0E /* herolistmac.png */; };
		4A4EA53C2AF9558000D65D0E /* herolistmac.png in Resources */ = {isa = PBXBuildFile; fileRef = 4A4EA53A2AF9558000D65D0E /* herolistmac.png */; };
		4A4EA53E2AF9559800D65D0E /* detailviewmac.png in Resources */ = {isa = PBXBuildFile; fileRef = 4A4EA53D2AF9559800D65D0E /* detailviewmac.png */; };
		4A4EA53F2AF9559800D65D0E /* detailviewmac.png in Resources */ = {isa = PBXBuildFile; fileRef = 4A4EA53D2AF9559800D65D0E /* detailviewmac.png */; };
		4A61C2F629CEDEC9001C898C /* MarvelSwiftUIApp.swift in Sources */ = {isa = PBXBuildFile; fileRef = 4A61C2F529CEDEC9001C898C /* MarvelSwiftUIApp.swift */; };
		4A61C2FA29CEDECB001C898C /* Assets.xcassets in Resources */ = {isa = PBXBuildFile; fileRef = 4A61C2F929CEDECB001C898C /* Assets.xcassets */; };
		4A61C2FE29CEDECB001C898C /* Preview Assets.xcassets in Resources */ = {isa = PBXBuildFile; fileRef = 4A61C2FD29CEDECB001C898C /* Preview Assets.xcassets */; };
		4A61C32629CEEA87001C898C /* HeroModel.swift in Sources */ = {isa = PBXBuildFile; fileRef = 4A61C32529CEEA87001C898C /* HeroModel.swift */; };
		4A61C32729CEEA87001C898C /* HeroModel.swift in Sources */ = {isa = PBXBuildFile; fileRef = 4A61C32529CEEA87001C898C /* HeroModel.swift */; };
		4A61C32829CEEA87001C898C /* HeroModel.swift in Sources */ = {isa = PBXBuildFile; fileRef = 4A61C32529CEEA87001C898C /* HeroModel.swift */; };
		4A88F80A2ABDEEE700139E55 /* herolist.png in Resources */ = {isa = PBXBuildFile; fileRef = 4A88F8092ABDEEE700139E55 /* herolist.png */; };
		4A88F80C2ABDEF1500139E55 /* detailview.png in Resources */ = {isa = PBXBuildFile; fileRef = 4A88F80B2ABDEF1500139E55 /* detailview.png */; };
		4A95D52929D6E3CB00498D5B /* SeriesView.swift in Sources */ = {isa = PBXBuildFile; fileRef = 4A95D52829D6E3CB00498D5B /* SeriesView.swift */; };
		4A9A66E029D45B1900227423 /* HeroRowView.swift in Sources */ = {isa = PBXBuildFile; fileRef = 4A9A66DF29D45B1900227423 /* HeroRowView.swift */; };
		4A9A66E129D45B1900227423 /* HeroRowView.swift in Sources */ = {isa = PBXBuildFile; fileRef = 4A9A66DF29D45B1900227423 /* HeroRowView.swift */; };
		4A9A66E229D45B1900227423 /* HeroRowView.swift in Sources */ = {isa = PBXBuildFile; fileRef = 4A9A66DF29D45B1900227423 /* HeroRowView.swift */; };
		4AA72D602AFAB3720058E800 /* MarvelApp.swift in Sources */ = {isa = PBXBuildFile; fileRef = 4AA72D5F2AFAB3720058E800 /* MarvelApp.swift */; };
		4AA72D622AFAB3720058E800 /* ContentView.swift in Sources */ = {isa = PBXBuildFile; fileRef = 4AA72D612AFAB3720058E800 /* ContentView.swift */; };
		4AA72D642AFAB3740058E800 /* Assets.xcassets in Resources */ = {isa = PBXBuildFile; fileRef = 4AA72D632AFAB3740058E800 /* Assets.xcassets */; };
		4AA72D672AFAB3740058E800 /* Preview Assets.xcassets in Resources */ = {isa = PBXBuildFile; fileRef = 4AA72D662AFAB3740058E800 /* Preview Assets.xcassets */; };
		4AA72D6A2AFAB3750058E800 /* Marvel Watch App.app in Embed Watch Content */ = {isa = PBXBuildFile; fileRef = 4AA72D5D2AFAB3720058E800 /* Marvel Watch App.app */; settings = {ATTRIBUTES = (RemoveHeadersOnCopy, ); }; };
		4AA72D712AFAB9640058E800 /* NotificationController.swift in Sources */ = {isa = PBXBuildFile; fileRef = 4AA72D702AFAB9640058E800 /* NotificationController.swift */; };
		4AB44F8129D9814700776012 /* MarvelSwiftUITests.swift in Sources */ = {isa = PBXBuildFile; fileRef = 4AB44F8029D9814700776012 /* MarvelSwiftUITests.swift */; };
		4AB44F8329D9824400776012 /* MarvelSwiftUIUITests.swift in Sources */ = {isa = PBXBuildFile; fileRef = 4AB44F8229D9824400776012 /* MarvelSwiftUIUITests.swift */; };
		4AB44F8629D9BBBC00776012 /* ViewInspector in Frameworks */ = {isa = PBXBuildFile; productRef = 4AB44F8529D9BBBC00776012 /* ViewInspector */; };
		4AD93C402AF5565000C4BAD3 /* MainView.swift in Sources */ = {isa = PBXBuildFile; fileRef = 4AD93C3F2AF5565000C4BAD3 /* MainView.swift */; };
		4AD93C412AF5565000C4BAD3 /* MainView.swift in Sources */ = {isa = PBXBuildFile; fileRef = 4AD93C3F2AF5565000C4BAD3 /* MainView.swift */; };
		4AD93C422AF5565000C4BAD3 /* MainView.swift in Sources */ = {isa = PBXBuildFile; fileRef = 4AD93C3F2AF5565000C4BAD3 /* MainView.swift */; };
		4AD93C442AF557A600C4BAD3 /* LoadingView.swift in Sources */ = {isa = PBXBuildFile; fileRef = 4AD93C432AF557A600C4BAD3 /* LoadingView.swift */; };
		4AD93C452AF557A600C4BAD3 /* LoadingView.swift in Sources */ = {isa = PBXBuildFile; fileRef = 4AD93C432AF557A600C4BAD3 /* LoadingView.swift */; };
		4AD93C462AF557A600C4BAD3 /* LoadingView.swift in Sources */ = {isa = PBXBuildFile; fileRef = 4AD93C432AF557A600C4BAD3 /* LoadingView.swift */; };
		4AF037DF2AF7AFDB001DA946 /* MarvelSwiftUI__macOS_App.swift in Sources */ = {isa = PBXBuildFile; fileRef = 4AF037DE2AF7AFDB001DA946 /* MarvelSwiftUI__macOS_App.swift */; };
		4AF037E12AF7AFDB001DA946 /* ContentView.swift in Sources */ = {isa = PBXBuildFile; fileRef = 4AF037E02AF7AFDB001DA946 /* ContentView.swift */; };
		4AF037E32AF7AFDD001DA946 /* Assets.xcassets in Resources */ = {isa = PBXBuildFile; fileRef = 4AF037E22AF7AFDD001DA946 /* Assets.xcassets */; };
		4AF037E62AF7AFDD001DA946 /* Preview Assets.xcassets in Resources */ = {isa = PBXBuildFile; fileRef = 4AF037E52AF7AFDD001DA946 /* Preview Assets.xcassets */; };
		4AF037F12AF7AFDE001DA946 /* MarvelSwiftUI__macOS_Tests.swift in Sources */ = {isa = PBXBuildFile; fileRef = 4AF037F02AF7AFDE001DA946 /* MarvelSwiftUI__macOS_Tests.swift */; };
		4AF037FB2AF7AFDE001DA946 /* MarvelSwiftUI__macOS_UITests.swift in Sources */ = {isa = PBXBuildFile; fileRef = 4AF037FA2AF7AFDE001DA946 /* MarvelSwiftUI__macOS_UITests.swift */; };
		4AF037FD2AF7AFDE001DA946 /* MarvelSwiftUI__macOS_UITestsLaunchTests.swift in Sources */ = {isa = PBXBuildFile; fileRef = 4AF037FC2AF7AFDE001DA946 /* MarvelSwiftUI__macOS_UITestsLaunchTests.swift */; };
		4AFB930A29CF103200616EA4 /* ApiService.swift in Sources */ = {isa = PBXBuildFile; fileRef = 4AFB930929CF103200616EA4 /* ApiService.swift */; };
		4AFB930B29CF103200616EA4 /* ApiService.swift in Sources */ = {isa = PBXBuildFile; fileRef = 4AFB930929CF103200616EA4 /* ApiService.swift */; };
		4AFB930D29CF1EEA00616EA4 /* HeroViewModel.swift in Sources */ = {isa = PBXBuildFile; fileRef = 4AFB930C29CF1EEA00616EA4 /* HeroViewModel.swift */; };
		4AFB930E29CF1EEA00616EA4 /* HeroViewModel.swift in Sources */ = {isa = PBXBuildFile; fileRef = 4AFB930C29CF1EEA00616EA4 /* HeroViewModel.swift */; };
		4AFCCF1929DC7A60006F6550 /* SeriesView.swift in Sources */ = {isa = PBXBuildFile; fileRef = 4A95D52829D6E3CB00498D5B /* SeriesView.swift */; };
		4AFCCF1A29DC7A61006F6550 /* SeriesView.swift in Sources */ = {isa = PBXBuildFile; fileRef = 4A95D52829D6E3CB00498D5B /* SeriesView.swift */; };
/* End PBXBuildFile section */

/* Begin PBXContainerItemProxy section */
		4A61C30429CEDECB001C898C /* PBXContainerItemProxy */ = {
			isa = PBXContainerItemProxy;
			containerPortal = 4A61C2EA29CEDEC9001C898C /* Project object */;
			proxyType = 1;
			remoteGlobalIDString = 4A61C2F129CEDEC9001C898C;
			remoteInfo = MarvelSwiftUI;
		};
		4A61C30E29CEDECB001C898C /* PBXContainerItemProxy */ = {
			isa = PBXContainerItemProxy;
			containerPortal = 4A61C2EA29CEDEC9001C898C /* Project object */;
			proxyType = 1;
			remoteGlobalIDString = 4A61C2F129CEDEC9001C898C;
			remoteInfo = MarvelSwiftUI;
		};
		4AA72D682AFAB3750058E800 /* PBXContainerItemProxy */ = {
			isa = PBXContainerItemProxy;
			containerPortal = 4A61C2EA29CEDEC9001C898C /* Project object */;
			proxyType = 1;
			remoteGlobalIDString = 4AA72D5C2AFAB3720058E800;
			remoteInfo = "Marvel Watch App";
		};
		4AF037ED2AF7AFDD001DA946 /* PBXContainerItemProxy */ = {
			isa = PBXContainerItemProxy;
			containerPortal = 4A61C2EA29CEDEC9001C898C /* Project object */;
			proxyType = 1;
			remoteGlobalIDString = 4AF037DB2AF7AFDA001DA946;
			remoteInfo = "MarvelSwiftUI (macOS)";
		};
		4AF037F72AF7AFDE001DA946 /* PBXContainerItemProxy */ = {
			isa = PBXContainerItemProxy;
			containerPortal = 4A61C2EA29CEDEC9001C898C /* Project object */;
			proxyType = 1;
			remoteGlobalIDString = 4AF037DB2AF7AFDA001DA946;
			remoteInfo = "MarvelSwiftUI (macOS)";
		};
/* End PBXContainerItemProxy section */

/* Begin PBXCopyFilesBuildPhase section */
		4AA72D6B2AFAB3750058E800 /* Embed Watch Content */ = {
			isa = PBXCopyFilesBuildPhase;
			buildActionMask = 2147483647;
			dstPath = "$(CONTENTS_FOLDER_PATH)/Watch";
			dstSubfolderSpec = 16;
			files = (
				4AA72D6A2AFAB3750058E800 /* Marvel Watch App.app in Embed Watch Content */,
			);
			name = "Embed Watch Content";
			runOnlyForDeploymentPostprocessing = 0;
		};
/* End PBXCopyFilesBuildPhase section */

/* Begin PBXFileReference section */
		4A0F62C629D302C40016F855 /* StatusModel.swift */ = {isa = PBXFileReference; lastKnownFileType = sourcecode.swift; path = StatusModel.swift; sourceTree = "<group>"; };
		4A0F62C929D304960016F855 /* HeroView.swift */ = {isa = PBXFileReference; lastKnownFileType = sourcecode.swift; path = HeroView.swift; sourceTree = "<group>"; };
		4A2EE1FA29D5EAE500C8093D /* SeriesRowView.swift */ = {isa = PBXFileReference; lastKnownFileType = sourcecode.swift; path = SeriesRowView.swift; sourceTree = "<group>"; };
		4A2EE1FE29D5F03E00C8093D /* SeriesViewModel.swift */ = {isa = PBXFileReference; lastKnownFileType = sourcecode.swift; path = SeriesViewModel.swift; sourceTree = "<group>"; };
		4A2EE20129D5F0DC00C8093D /* SeriesModel.swift */ = {isa = PBXFileReference; lastKnownFileType = sourcecode.swift; path = SeriesModel.swift; sourceTree = "<group>"; };
		4A4EA53A2AF9558000D65D0E /* herolistmac.png */ = {isa = PBXFileReference; lastKnownFileType = image.png; path = herolistmac.png; sourceTree = "<group>"; };
		4A4EA53D2AF9559800D65D0E /* detailviewmac.png */ = {isa = PBXFileReference; lastKnownFileType = image.png; path = detailviewmac.png; sourceTree = "<group>"; };
		4A61C2F229CEDEC9001C898C /* MarvelSwiftUI.app */ = {isa = PBXFileReference; explicitFileType = wrapper.application; includeInIndex = 0; path = MarvelSwiftUI.app; sourceTree = BUILT_PRODUCTS_DIR; };
		4A61C2F529CEDEC9001C898C /* MarvelSwiftUIApp.swift */ = {isa = PBXFileReference; lastKnownFileType = sourcecode.swift; path = MarvelSwiftUIApp.swift; sourceTree = "<group>"; };
		4A61C2F929CEDECB001C898C /* Assets.xcassets */ = {isa = PBXFileReference; lastKnownFileType = folder.assetcatalog; path = Assets.xcassets; sourceTree = "<group>"; };
		4A61C2FB29CEDECB001C898C /* MarvelSwiftUI.entitlements */ = {isa = PBXFileReference; lastKnownFileType = text.plist.entitlements; path = MarvelSwiftUI.entitlements; sourceTree = "<group>"; };
		4A61C2FD29CEDECB001C898C /* Preview Assets.xcassets */ = {isa = PBXFileReference; lastKnownFileType = folder.assetcatalog; path = "Preview Assets.xcassets"; sourceTree = "<group>"; };
		4A61C30329CEDECB001C898C /* MarvelSwiftUITests.xctest */ = {isa = PBXFileReference; explicitFileType = wrapper.cfbundle; includeInIndex = 0; path = MarvelSwiftUITests.xctest; sourceTree = BUILT_PRODUCTS_DIR; };
		4A61C30D29CEDECB001C898C /* MarvelSwiftUIUITests.xctest */ = {isa = PBXFileReference; explicitFileType = wrapper.cfbundle; includeInIndex = 0; path = MarvelSwiftUIUITests.xctest; sourceTree = BUILT_PRODUCTS_DIR; };
		4A61C32529CEEA87001C898C /* HeroModel.swift */ = {isa = PBXFileReference; lastKnownFileType = sourcecode.swift; path = HeroModel.swift; sourceTree = "<group>"; };
		4A88F8092ABDEEE700139E55 /* herolist.png */ = {isa = PBXFileReference; lastKnownFileType = image.png; path = herolist.png; sourceTree = "<group>"; };
		4A88F80B2ABDEF1500139E55 /* detailview.png */ = {isa = PBXFileReference; lastKnownFileType = image.png; path = detailview.png; sourceTree = "<group>"; };
		4A95D52829D6E3CB00498D5B /* SeriesView.swift */ = {isa = PBXFileReference; lastKnownFileType = sourcecode.swift; path = SeriesView.swift; sourceTree = "<group>"; };
		4A9A66DF29D45B1900227423 /* HeroRowView.swift */ = {isa = PBXFileReference; lastKnownFileType = sourcecode.swift; path = HeroRowView.swift; sourceTree = "<group>"; };
		4A9A66E329D45E5D00227423 /* Info.plist */ = {isa = PBXFileReference; lastKnownFileType = text.plist; path = Info.plist; sourceTree = "<group>"; };
		4AA72D5D2AFAB3720058E800 /* Marvel Watch App.app */ = {isa = PBXFileReference; explicitFileType = wrapper.application; includeInIndex = 0; path = "Marvel Watch App.app"; sourceTree = BUILT_PRODUCTS_DIR; };
		4AA72D5F2AFAB3720058E800 /* MarvelApp.swift */ = {isa = PBXFileReference; lastKnownFileType = sourcecode.swift; path = MarvelApp.swift; sourceTree = "<group>"; };
		4AA72D612AFAB3720058E800 /* ContentView.swift */ = {isa = PBXFileReference; lastKnownFileType = sourcecode.swift; path = ContentView.swift; sourceTree = "<group>"; };
		4AA72D632AFAB3740058E800 /* Assets.xcassets */ = {isa = PBXFileReference; lastKnownFileType = folder.assetcatalog; path = Assets.xcassets; sourceTree = "<group>"; };
		4AA72D662AFAB3740058E800 /* Preview Assets.xcassets */ = {isa = PBXFileReference; lastKnownFileType = folder.assetcatalog; path = "Preview Assets.xcassets"; sourceTree = "<group>"; };
		4AA72D702AFAB9640058E800 /* NotificationController.swift */ = {isa = PBXFileReference; lastKnownFileType = sourcecode.swift; path = NotificationController.swift; sourceTree = "<group>"; };
		4AB44F8029D9814700776012 /* MarvelSwiftUITests.swift */ = {isa = PBXFileReference; fileEncoding = 4; lastKnownFileType = sourcecode.swift; path = MarvelSwiftUITests.swift; sourceTree = "<group>"; };
		4AB44F8229D9824400776012 /* MarvelSwiftUIUITests.swift */ = {isa = PBXFileReference; fileEncoding = 4; lastKnownFileType = sourcecode.swift; path = MarvelSwiftUIUITests.swift; sourceTree = "<group>"; };
		4AD93C3F2AF5565000C4BAD3 /* MainView.swift */ = {isa = PBXFileReference; lastKnownFileType = sourcecode.swift; path = MainView.swift; sourceTree = "<group>"; };
		4AD93C432AF557A600C4BAD3 /* LoadingView.swift */ = {isa = PBXFileReference; lastKnownFileType = sourcecode.swift; path = LoadingView.swift; sourceTree = "<group>"; };
		4AF037DC2AF7AFDA001DA946 /* MarvelSwiftUI (macOS).app */ = {isa = PBXFileReference; explicitFileType = wrapper.application; includeInIndex = 0; path = "MarvelSwiftUI (macOS).app"; sourceTree = BUILT_PRODUCTS_DIR; };
		4AF037DE2AF7AFDB001DA946 /* MarvelSwiftUI__macOS_App.swift */ = {isa = PBXFileReference; lastKnownFileType = sourcecode.swift; path = MarvelSwiftUI__macOS_App.swift; sourceTree = "<group>"; };
		4AF037E02AF7AFDB001DA946 /* ContentView.swift */ = {isa = PBXFileReference; lastKnownFileType = sourcecode.swift; path = ContentView.swift; sourceTree = "<group>"; };
		4AF037E22AF7AFDD001DA946 /* Assets.xcassets */ = {isa = PBXFileReference; lastKnownFileType = folder.assetcatalog; path = Assets.xcassets; sourceTree = "<group>"; };
		4AF037E52AF7AFDD001DA946 /* Preview Assets.xcassets */ = {isa = PBXFileReference; lastKnownFileType = folder.assetcatalog; path = "Preview Assets.xcassets"; sourceTree = "<group>"; };
		4AF037E72AF7AFDD001DA946 /* MarvelSwiftUI__macOS_.entitlements */ = {isa = PBXFileReference; lastKnownFileType = text.plist.entitlements; path = MarvelSwiftUI__macOS_.entitlements; sourceTree = "<group>"; };
		4AF037EC2AF7AFDD001DA946 /* MarvelSwiftUI (macOS)Tests.xctest */ = {isa = PBXFileReference; explicitFileType = wrapper.cfbundle; includeInIndex = 0; path = "MarvelSwiftUI (macOS)Tests.xctest"; sourceTree = BUILT_PRODUCTS_DIR; };
		4AF037F02AF7AFDE001DA946 /* MarvelSwiftUI__macOS_Tests.swift */ = {isa = PBXFileReference; lastKnownFileType = sourcecode.swift; path = MarvelSwiftUI__macOS_Tests.swift; sourceTree = "<group>"; };
		4AF037F62AF7AFDE001DA946 /* MarvelSwiftUI (macOS)UITests.xctest */ = {isa = PBXFileReference; explicitFileType = wrapper.cfbundle; includeInIndex = 0; path = "MarvelSwiftUI (macOS)UITests.xctest"; sourceTree = BUILT_PRODUCTS_DIR; };
		4AF037FA2AF7AFDE001DA946 /* MarvelSwiftUI__macOS_UITests.swift */ = {isa = PBXFileReference; lastKnownFileType = sourcecode.swift; path = MarvelSwiftUI__macOS_UITests.swift; sourceTree = "<group>"; };
		4AF037FC2AF7AFDE001DA946 /* MarvelSwiftUI__macOS_UITestsLaunchTests.swift */ = {isa = PBXFileReference; lastKnownFileType = sourcecode.swift; path = MarvelSwiftUI__macOS_UITestsLaunchTests.swift; sourceTree = "<group>"; };
		4AF038072AF7D236001DA946 /* MarvelSwiftUI--macOS--Info.plist */ = {isa = PBXFileReference; lastKnownFileType = text.plist; path = "MarvelSwiftUI--macOS--Info.plist"; sourceTree = SOURCE_ROOT; };
		4AFB930929CF103200616EA4 /* ApiService.swift */ = {isa = PBXFileReference; lastKnownFileType = sourcecode.swift; path = ApiService.swift; sourceTree = "<group>"; };
		4AFB930C29CF1EEA00616EA4 /* HeroViewModel.swift */ = {isa = PBXFileReference; lastKnownFileType = sourcecode.swift; path = HeroViewModel.swift; sourceTree = "<group>"; };
/* End PBXFileReference section */

/* Begin PBXFrameworksBuildPhase section */
		4A61C2EF29CEDEC9001C898C /* Frameworks */ = {
			isa = PBXFrameworksBuildPhase;
			buildActionMask = 2147483647;
			files = (
			);
			runOnlyForDeploymentPostprocessing = 0;
		};
		4A61C30029CEDECB001C898C /* Frameworks */ = {
			isa = PBXFrameworksBuildPhase;
			buildActionMask = 2147483647;
			files = (
				4AB44F8629D9BBBC00776012 /* ViewInspector in Frameworks */,
			);
			runOnlyForDeploymentPostprocessing = 0;
		};
		4A61C30A29CEDECB001C898C /* Frameworks */ = {
			isa = PBXFrameworksBuildPhase;
			buildActionMask = 2147483647;
			files = (
			);
			runOnlyForDeploymentPostprocessing = 0;
		};
		4AA72D5A2AFAB3720058E800 /* Frameworks */ = {
			isa = PBXFrameworksBuildPhase;
			buildActionMask = 2147483647;
			files = (
			);
			runOnlyForDeploymentPostprocessing = 0;
		};
		4AF037D92AF7AFDA001DA946 /* Frameworks */ = {
			isa = PBXFrameworksBuildPhase;
			buildActionMask = 2147483647;
			files = (
			);
			runOnlyForDeploymentPostprocessing = 0;
		};
		4AF037E92AF7AFDD001DA946 /* Frameworks */ = {
			isa = PBXFrameworksBuildPhase;
			buildActionMask = 2147483647;
			files = (
			);
			runOnlyForDeploymentPostprocessing = 0;
		};
		4AF037F32AF7AFDE001DA946 /* Frameworks */ = {
			isa = PBXFrameworksBuildPhase;
			buildActionMask = 2147483647;
			files = (
			);
			runOnlyForDeploymentPostprocessing = 0;
		};
/* End PBXFrameworksBuildPhase section */

/* Begin PBXGroup section */
		4A61C2E929CEDEC9001C898C = {
			isa = PBXGroup;
			children = (
				4AA72D6F2AFAB8FD0058E800 /* watchOS Extension */,
				4A61C2F429CEDEC9001C898C /* MarvelSwiftUI */,
				4AB44F7D29D97F3100776012 /* MarvelSwiftUITests */,
				4AB44F7E29D97F4A00776012 /* MarvelSwiftUIUITests */,
				4AF037DD2AF7AFDB001DA946 /* MarvelSwiftUI (macOS) */,
				4AF037EF2AF7AFDE001DA946 /* MarvelSwiftUI (macOS)Tests */,
				4AF037F92AF7AFDE001DA946 /* MarvelSwiftUI (macOS)UITests */,
				4AA72D5E2AFAB3720058E800 /* Marvel Watch App */,
				4A61C2F329CEDEC9001C898C /* Products */,
				4A95D52329D6DE6A00498D5B /* Frameworks */,
				4AE857072ABDE93E007EF349 /* Screenshots */,
			);
			sourceTree = "<group>";
		};
		4A61C2F329CEDEC9001C898C /* Products */ = {
			isa = PBXGroup;
			children = (
				4A61C2F229CEDEC9001C898C /* MarvelSwiftUI.app */,
				4A61C30329CEDECB001C898C /* MarvelSwiftUITests.xctest */,
				4A61C30D29CEDECB001C898C /* MarvelSwiftUIUITests.xctest */,
				4AF037DC2AF7AFDA001DA946 /* MarvelSwiftUI (macOS).app */,
				4AF037EC2AF7AFDD001DA946 /* MarvelSwiftUI (macOS)Tests.xctest */,
				4AF037F62AF7AFDE001DA946 /* MarvelSwiftUI (macOS)UITests.xctest */,
				4AA72D5D2AFAB3720058E800 /* Marvel Watch App.app */,
			);
			name = Products;
			sourceTree = "<group>";
		};
		4A61C2F429CEDEC9001C898C /* MarvelSwiftUI */ = {
			isa = PBXGroup;
			children = (
				4A61C2F529CEDEC9001C898C /* MarvelSwiftUIApp.swift */,
				4A61C32029CEE5FA001C898C /* Models */,
				4A61C32229CEE60E001C898C /* ViewModels */,
				4A61C32129CEE603001C898C /* Views */,
				4A61C32329CEE62F001C898C /* Services */,
				4A61C32429CEE637001C898C /* Tools */,
				4A61C2F929CEDECB001C898C /* Assets.xcassets */,
				4A61C2FB29CEDECB001C898C /* MarvelSwiftUI.entitlements */,
				4A9A66E329D45E5D00227423 /* Info.plist */,
				4A61C2FC29CEDECB001C898C /* Preview Content */,
			);
			path = MarvelSwiftUI;
			sourceTree = "<group>";
		};
		4A61C2FC29CEDECB001C898C /* Preview Content */ = {
			isa = PBXGroup;
			children = (
				4A61C2FD29CEDECB001C898C /* Preview Assets.xcassets */,
			);
			path = "Preview Content";
			sourceTree = "<group>";
		};
		4A61C32029CEE5FA001C898C /* Models */ = {
			isa = PBXGroup;
			children = (
				4A61C32529CEEA87001C898C /* HeroModel.swift */,
				4A2EE20129D5F0DC00C8093D /* SeriesModel.swift */,
				4A0F62C629D302C40016F855 /* StatusModel.swift */,
			);
			path = Models;
			sourceTree = "<group>";
		};
		4A61C32129CEE603001C898C /* Views */ = {
			isa = PBXGroup;
			children = (
				4AD93C3F2AF5565000C4BAD3 /* MainView.swift */,
				4A0F62C929D304960016F855 /* HeroView.swift */,
				4A9A66DF29D45B1900227423 /* HeroRowView.swift */,
				4A2EE1FA29D5EAE500C8093D /* SeriesRowView.swift */,
				4A95D52829D6E3CB00498D5B /* SeriesView.swift */,
				4AD93C432AF557A600C4BAD3 /* LoadingView.swift */,
			);
			path = Views;
			sourceTree = "<group>";
		};
		4A61C32229CEE60E001C898C /* ViewModels */ = {
			isa = PBXGroup;
			children = (
				4AFB930C29CF1EEA00616EA4 /* HeroViewModel.swift */,
				4A2EE1FE29D5F03E00C8093D /* SeriesViewModel.swift */,
			);
			path = ViewModels;
			sourceTree = "<group>";
		};
		4A61C32329CEE62F001C898C /* Services */ = {
			isa = PBXGroup;
			children = (
				4AFB930929CF103200616EA4 /* ApiService.swift */,
			);
			path = Services;
			sourceTree = "<group>";
		};
		4A61C32429CEE637001C898C /* Tools */ = {
			isa = PBXGroup;
			children = (
			);
			path = Tools;
			sourceTree = "<group>";
		};
		4A95D52329D6DE6A00498D5B /* Frameworks */ = {
			isa = PBXGroup;
			children = (
			);
			name = Frameworks;
			sourceTree = "<group>";
		};
		4AA72D5E2AFAB3720058E800 /* Marvel Watch App */ = {
			isa = PBXGroup;
			children = (
				4AA72D632AFAB3740058E800 /* Assets.xcassets */,
				4AA72D652AFAB3740058E800 /* Preview Content */,
			);
			path = "Marvel Watch App";
			sourceTree = "<group>";
		};
		4AA72D652AFAB3740058E800 /* Preview Content */ = {
			isa = PBXGroup;
			children = (
				4AA72D662AFAB3740058E800 /* Preview Assets.xcassets */,
			);
			path = "Preview Content";
			sourceTree = "<group>";
		};
		4AA72D6F2AFAB8FD0058E800 /* watchOS Extension */ = {
			isa = PBXGroup;
			children = (
				4AA72D5F2AFAB3720058E800 /* MarvelApp.swift */,
				4AA72D612AFAB3720058E800 /* ContentView.swift */,
				4AA72D702AFAB9640058E800 /* NotificationController.swift */,
			);
			path = "watchOS Extension";
			sourceTree = "<group>";
		};
		4AB44F7D29D97F3100776012 /* MarvelSwiftUITests */ = {
			isa = PBXGroup;
			children = (
				4AB44F8029D9814700776012 /* MarvelSwiftUITests.swift */,
			);
			path = MarvelSwiftUITests;
			sourceTree = "<group>";
		};
		4AB44F7E29D97F4A00776012 /* MarvelSwiftUIUITests */ = {
			isa = PBXGroup;
			children = (
				4AB44F8229D9824400776012 /* MarvelSwiftUIUITests.swift */,
			);
			path = MarvelSwiftUIUITests;
			sourceTree = "<group>";
		};
		4AE857072ABDE93E007EF349 /* Screenshots */ = {
			isa = PBXGroup;
			children = (
				4A88F8092ABDEEE700139E55 /* herolist.png */,
				4A4EA53A2AF9558000D65D0E /* herolistmac.png */,
				4A88F80B2ABDEF1500139E55 /* detailview.png */,
				4A4EA53D2AF9559800D65D0E /* detailviewmac.png */,
			);
			path = Screenshots;
			sourceTree = "<group>";
		};
		4AF037DD2AF7AFDB001DA946 /* MarvelSwiftUI (macOS) */ = {
			isa = PBXGroup;
			children = (
				4AF038072AF7D236001DA946 /* MarvelSwiftUI--macOS--Info.plist */,
				4AF037DE2AF7AFDB001DA946 /* MarvelSwiftUI__macOS_App.swift */,
				4AF037E02AF7AFDB001DA946 /* ContentView.swift */,
				4AF037E22AF7AFDD001DA946 /* Assets.xcassets */,
				4AF037E72AF7AFDD001DA946 /* MarvelSwiftUI__macOS_.entitlements */,
				4AF037E42AF7AFDD001DA946 /* Preview Content */,
			);
			path = "MarvelSwiftUI (macOS)";
			sourceTree = "<group>";
		};
		4AF037E42AF7AFDD001DA946 /* Preview Content */ = {
			isa = PBXGroup;
			children = (
				4AF037E52AF7AFDD001DA946 /* Preview Assets.xcassets */,
			);
			path = "Preview Content";
			sourceTree = "<group>";
		};
		4AF037EF2AF7AFDE001DA946 /* MarvelSwiftUI (macOS)Tests */ = {
			isa = PBXGroup;
			children = (
				4AF037F02AF7AFDE001DA946 /* MarvelSwiftUI__macOS_Tests.swift */,
			);
			path = "MarvelSwiftUI (macOS)Tests";
			sourceTree = "<group>";
		};
		4AF037F92AF7AFDE001DA946 /* MarvelSwiftUI (macOS)UITests */ = {
			isa = PBXGroup;
			children = (
				4AF037FA2AF7AFDE001DA946 /* MarvelSwiftUI__macOS_UITests.swift */,
				4AF037FC2AF7AFDE001DA946 /* MarvelSwiftUI__macOS_UITestsLaunchTests.swift */,
			);
			path = "MarvelSwiftUI (macOS)UITests";
			sourceTree = "<group>";
		};
/* End PBXGroup section */

/* Begin PBXNativeTarget section */
		4A61C2F129CEDEC9001C898C /* MarvelSwiftUI */ = {
			isa = PBXNativeTarget;
			buildConfigurationList = 4A61C31729CEDECB001C898C /* Build configuration list for PBXNativeTarget "MarvelSwiftUI" */;
			buildPhases = (
				4A61C2EE29CEDEC9001C898C /* Sources */,
				4A61C2EF29CEDEC9001C898C /* Frameworks */,
				4A61C2F029CEDEC9001C898C /* Resources */,
				4AA72D6B2AFAB3750058E800 /* Embed Watch Content */,
			);
			buildRules = (
			);
			dependencies = (
				4AA72D692AFAB3750058E800 /* PBXTargetDependency */,
			);
			name = MarvelSwiftUI;
			packageProductDependencies = (
			);
			productName = MarvelSwiftUI;
			productReference = 4A61C2F229CEDEC9001C898C /* MarvelSwiftUI.app */;
			productType = "com.apple.product-type.application";
		};
		4A61C30229CEDECB001C898C /* MarvelSwiftUITests */ = {
			isa = PBXNativeTarget;
			buildConfigurationList = 4A61C31A29CEDECB001C898C /* Build configuration list for PBXNativeTarget "MarvelSwiftUITests" */;
			buildPhases = (
				4A61C2FF29CEDECB001C898C /* Sources */,
				4A61C30029CEDECB001C898C /* Frameworks */,
				4A61C30129CEDECB001C898C /* Resources */,
			);
			buildRules = (
			);
			dependencies = (
				4A61C30529CEDECB001C898C /* PBXTargetDependency */,
			);
			name = MarvelSwiftUITests;
			packageProductDependencies = (
				4AB44F8529D9BBBC00776012 /* ViewInspector */,
			);
			productName = MarvelSwiftUITests;
			productReference = 4A61C30329CEDECB001C898C /* MarvelSwiftUITests.xctest */;
			productType = "com.apple.product-type.bundle.unit-test";
		};
		4A61C30C29CEDECB001C898C /* MarvelSwiftUIUITests */ = {
			isa = PBXNativeTarget;
			buildConfigurationList = 4A61C31D29CEDECB001C898C /* Build configuration list for PBXNativeTarget "MarvelSwiftUIUITests" */;
			buildPhases = (
				4A61C30929CEDECB001C898C /* Sources */,
				4A61C30A29CEDECB001C898C /* Frameworks */,
				4A61C30B29CEDECB001C898C /* Resources */,
			);
			buildRules = (
			);
			dependencies = (
				4A61C30F29CEDECB001C898C /* PBXTargetDependency */,
			);
			name = MarvelSwiftUIUITests;
			packageProductDependencies = (
			);
			productName = MarvelSwiftUIUITests;
			productReference = 4A61C30D29CEDECB001C898C /* MarvelSwiftUIUITests.xctest */;
			productType = "com.apple.product-type.bundle.ui-testing";
		};
		4AA72D5C2AFAB3720058E800 /* Marvel Watch App */ = {
			isa = PBXNativeTarget;
			buildConfigurationList = 4AA72D6E2AFAB3750058E800 /* Build configuration list for PBXNativeTarget "Marvel Watch App" */;
			buildPhases = (
				4AA72D592AFAB3720058E800 /* Sources */,
				4AA72D5A2AFAB3720058E800 /* Frameworks */,
				4AA72D5B2AFAB3720058E800 /* Resources */,
			);
			buildRules = (
			);
			dependencies = (
			);
			name = "Marvel Watch App";
			productName = "Marvel Watch App";
			productReference = 4AA72D5D2AFAB3720058E800 /* Marvel Watch App.app */;
			productType = "com.apple.product-type.application";
		};
		4AF037DB2AF7AFDA001DA946 /* MarvelSwiftUI (macOS) */ = {
			isa = PBXNativeTarget;
			buildConfigurationList = 4AF038042AF7AFDE001DA946 /* Build configuration list for PBXNativeTarget "MarvelSwiftUI (macOS)" */;
			buildPhases = (
				4AF037D82AF7AFDA001DA946 /* Sources */,
				4AF037D92AF7AFDA001DA946 /* Frameworks */,
				4AF037DA2AF7AFDA001DA946 /* Resources */,
			);
			buildRules = (
			);
			dependencies = (
			);
			name = "MarvelSwiftUI (macOS)";
			productName = "MarvelSwiftUI (macOS)";
			productReference = 4AF037DC2AF7AFDA001DA946 /* MarvelSwiftUI (macOS).app */;
			productType = "com.apple.product-type.application";
		};
		4AF037EB2AF7AFDD001DA946 /* MarvelSwiftUI (macOS)Tests */ = {
			isa = PBXNativeTarget;
			buildConfigurationList = 4AF038052AF7AFDE001DA946 /* Build configuration list for PBXNativeTarget "MarvelSwiftUI (macOS)Tests" */;
			buildPhases = (
				4AF037E82AF7AFDD001DA946 /* Sources */,
				4AF037E92AF7AFDD001DA946 /* Frameworks */,
				4AF037EA2AF7AFDD001DA946 /* Resources */,
			);
			buildRules = (
			);
			dependencies = (
				4AF037EE2AF7AFDD001DA946 /* PBXTargetDependency */,
			);
			name = "MarvelSwiftUI (macOS)Tests";
			productName = "MarvelSwiftUI (macOS)Tests";
			productReference = 4AF037EC2AF7AFDD001DA946 /* MarvelSwiftUI (macOS)Tests.xctest */;
			productType = "com.apple.product-type.bundle.unit-test";
		};
		4AF037F52AF7AFDE001DA946 /* MarvelSwiftUI (macOS)UITests */ = {
			isa = PBXNativeTarget;
			buildConfigurationList = 4AF038062AF7AFDE001DA946 /* Build configuration list for PBXNativeTarget "MarvelSwiftUI (macOS)UITests" */;
			buildPhases = (
				4AF037F22AF7AFDE001DA946 /* Sources */,
				4AF037F32AF7AFDE001DA946 /* Frameworks */,
				4AF037F42AF7AFDE001DA946 /* Resources */,
			);
			buildRules = (
			);
			dependencies = (
				4AF037F82AF7AFDE001DA946 /* PBXTargetDependency */,
			);
			name = "MarvelSwiftUI (macOS)UITests";
			productName = "MarvelSwiftUI (macOS)UITests";
			productReference = 4AF037F62AF7AFDE001DA946 /* MarvelSwiftUI (macOS)UITests.xctest */;
			productType = "com.apple.product-type.bundle.ui-testing";
		};
/* End PBXNativeTarget section */

/* Begin PBXProject section */
		4A61C2EA29CEDEC9001C898C /* Project object */ = {
			isa = PBXProject;
			attributes = {
				BuildIndependentTargetsInParallel = 1;
				LastSwiftUpdateCheck = 1500;
				LastUpgradeCheck = 1430;
				TargetAttributes = {
					4A61C2F129CEDEC9001C898C = {
						CreatedOnToolsVersion = 14.2;
					};
					4A61C30229CEDECB001C898C = {
						CreatedOnToolsVersion = 14.2;
						TestTargetID = 4A61C2F129CEDEC9001C898C;
					};
					4A61C30C29CEDECB001C898C = {
						CreatedOnToolsVersion = 14.2;
						TestTargetID = 4A61C2F129CEDEC9001C898C;
					};
					4AA72D5C2AFAB3720058E800 = {
						CreatedOnToolsVersion = 15.0.1;
					};
					4AF037DB2AF7AFDA001DA946 = {
						CreatedOnToolsVersion = 15.0.1;
					};
					4AF037EB2AF7AFDD001DA946 = {
						CreatedOnToolsVersion = 15.0.1;
						TestTargetID = 4AF037DB2AF7AFDA001DA946;
					};
					4AF037F52AF7AFDE001DA946 = {
						CreatedOnToolsVersion = 15.0.1;
						TestTargetID = 4AF037DB2AF7AFDA001DA946;
					};
				};
			};
			buildConfigurationList = 4A61C2ED29CEDEC9001C898C /* Build configuration list for PBXProject "MarvelSwiftUI" */;
			compatibilityVersion = "Xcode 14.0";
			developmentRegion = en;
			hasScannedForEncodings = 0;
			knownRegions = (
				en,
				Base,
			);
			mainGroup = 4A61C2E929CEDEC9001C898C;
			packageReferences = (
				4AB44F8429D9BBBC00776012 /* XCRemoteSwiftPackageReference "ViewInspector" */,
			);
			productRefGroup = 4A61C2F329CEDEC9001C898C /* Products */;
			projectDirPath = "";
			projectRoot = "";
			targets = (
				4A61C2F129CEDEC9001C898C /* MarvelSwiftUI */,
				4A61C30229CEDECB001C898C /* MarvelSwiftUITests */,
				4A61C30C29CEDECB001C898C /* MarvelSwiftUIUITests */,
				4AF037DB2AF7AFDA001DA946 /* MarvelSwiftUI (macOS) */,
				4AF037EB2AF7AFDD001DA946 /* MarvelSwiftUI (macOS)Tests */,
				4AF037F52AF7AFDE001DA946 /* MarvelSwiftUI (macOS)UITests */,
				4AA72D5C2AFAB3720058E800 /* Marvel Watch App */,
			);
		};
/* End PBXProject section */

/* Begin PBXResourcesBuildPhase section */
		4A61C2F029CEDEC9001C898C /* Resources */ = {
			isa = PBXResourcesBuildPhase;
			buildActionMask = 2147483647;
			files = (
				4A4EA53B2AF9558000D65D0E /* herolistmac.png in Resources */,
				4A4EA53E2AF9559800D65D0E /* detailviewmac.png in Resources */,
				4A88F80A2ABDEEE700139E55 /* herolist.png in Resources */,
				4A61C2FE29CEDECB001C898C /* Preview Assets.xcassets in Resources */,
				4A61C2FA29CEDECB001C898C /* Assets.xcassets in Resources */,
				4A88F80C2ABDEF1500139E55 /* detailview.png in Resources */,
			);
			runOnlyForDeploymentPostprocessing = 0;
		};
		4A61C30129CEDECB001C898C /* Resources */ = {
			isa = PBXResourcesBuildPhase;
			buildActionMask = 2147483647;
			files = (
			);
			runOnlyForDeploymentPostprocessing = 0;
		};
		4A61C30B29CEDECB001C898C /* Resources */ = {
			isa = PBXResourcesBuildPhase;
			buildActionMask = 2147483647;
			files = (
			);
			runOnlyForDeploymentPostprocessing = 0;
		};
		4AA72D5B2AFAB3720058E800 /* Resources */ = {
			isa = PBXResourcesBuildPhase;
			buildActionMask = 2147483647;
			files = (
				4AA72D672AFAB3740058E800 /* Preview Assets.xcassets in Resources */,
				4AA72D642AFAB3740058E800 /* Assets.xcassets in Resources */,
			);
			runOnlyForDeploymentPostprocessing = 0;
		};
		4AF037DA2AF7AFDA001DA946 /* Resources */ = {
			isa = PBXResourcesBuildPhase;
			buildActionMask = 2147483647;
			files = (
				4AF037E62AF7AFDD001DA946 /* Preview Assets.xcassets in Resources */,
				4A4EA53C2AF9558000D65D0E /* herolistmac.png in Resources */,
				4AF037E32AF7AFDD001DA946 /* Assets.xcassets in Resources */,
				4A4EA53F2AF9559800D65D0E /* detailviewmac.png in Resources */,
			);
			runOnlyForDeploymentPostprocessing = 0;
		};
		4AF037EA2AF7AFDD001DA946 /* Resources */ = {
			isa = PBXResourcesBuildPhase;
			buildActionMask = 2147483647;
			files = (
			);
			runOnlyForDeploymentPostprocessing = 0;
		};
		4AF037F42AF7AFDE001DA946 /* Resources */ = {
			isa = PBXResourcesBuildPhase;
			buildActionMask = 2147483647;
			files = (
			);
			runOnlyForDeploymentPostprocessing = 0;
		};
/* End PBXResourcesBuildPhase section */

/* Begin PBXSourcesBuildPhase section */
		4A61C2EE29CEDEC9001C898C /* Sources */ = {
			isa = PBXSourcesBuildPhase;
			buildActionMask = 2147483647;
			files = (
				4A61C2F629CEDEC9001C898C /* MarvelSwiftUIApp.swift in Sources */,
				4AD93C402AF5565000C4BAD3 /* MainView.swift in Sources */,
				4A95D52929D6E3CB00498D5B /* SeriesView.swift in Sources */,
				4A0F62CA29D304960016F855 /* HeroView.swift in Sources */,
				4A61C32629CEEA87001C898C /* HeroModel.swift in Sources */,
				4A0F62C729D302C40016F855 /* StatusModel.swift in Sources */,
				4A2EE1FF29D5F03E00C8093D /* SeriesViewModel.swift in Sources */,
				4A9A66E029D45B1900227423 /* HeroRowView.swift in Sources */,
				4A2EE1FB29D5EAE500C8093D /* SeriesRowView.swift in Sources */,
				4A2EE20229D5F0DC00C8093D /* SeriesModel.swift in Sources */,
				4AFB930A29CF103200616EA4 /* ApiService.swift in Sources */,
				4AD93C442AF557A600C4BAD3 /* LoadingView.swift in Sources */,
				4AFB930D29CF1EEA00616EA4 /* HeroViewModel.swift in Sources */,
			);
			runOnlyForDeploymentPostprocessing = 0;
		};
		4A61C2FF29CEDECB001C898C /* Sources */ = {
			isa = PBXSourcesBuildPhase;
			buildActionMask = 2147483647;
			files = (
				4AFCCF1929DC7A60006F6550 /* SeriesView.swift in Sources */,
				4AD93C412AF5565000C4BAD3 /* MainView.swift in Sources */,
				4A0F62C829D302C40016F855 /* StatusModel.swift in Sources */,
				4AFB930E29CF1EEA00616EA4 /* HeroViewModel.swift in Sources */,
				4A0F62CB29D304960016F855 /* HeroView.swift in Sources */,
				4A2EE20029D5F03E00C8093D /* SeriesViewModel.swift in Sources */,
				4A9A66E129D45B1900227423 /* HeroRowView.swift in Sources */,
				4A2EE1FC29D5EAE500C8093D /* SeriesRowView.swift in Sources */,
				4A2EE20329D5F0DC00C8093D /* SeriesModel.swift in Sources */,
				4AB44F8129D9814700776012 /* MarvelSwiftUITests.swift in Sources */,
				4A61C32729CEEA87001C898C /* HeroModel.swift in Sources */,
				4AD93C452AF557A600C4BAD3 /* LoadingView.swift in Sources */,
				4AFB930B29CF103200616EA4 /* ApiService.swift in Sources */,
			);
			runOnlyForDeploymentPostprocessing = 0;
		};
		4A61C30929CEDECB001C898C /* Sources */ = {
			isa = PBXSourcesBuildPhase;
			buildActionMask = 2147483647;
			files = (
				4A9A66E229D45B1900227423 /* HeroRowView.swift in Sources */,
				4AD93C422AF5565000C4BAD3 /* MainView.swift in Sources */,
				4AB44F8329D9824400776012 /* MarvelSwiftUIUITests.swift in Sources */,
				4A0F62CC29D304960016F855 /* HeroView.swift in Sources */,
				4A61C32829CEEA87001C898C /* HeroModel.swift in Sources */,
				4AD93C462AF557A600C4BAD3 /* LoadingView.swift in Sources */,
				4A2EE1FD29D5EAE500C8093D /* SeriesRowView.swift in Sources */,
				4AFCCF1A29DC7A61006F6550 /* SeriesView.swift in Sources */,
			);
			runOnlyForDeploymentPostprocessing = 0;
		};
		4AA72D592AFAB3720058E800 /* Sources */ = {
			isa = PBXSourcesBuildPhase;
			buildActionMask = 2147483647;
			files = (
				4AA72D712AFAB9640058E800 /* NotificationController.swift in Sources */,
				4AA72D622AFAB3720058E800 /* ContentView.swift in Sources */,
				4AA72D602AFAB3720058E800 /* MarvelApp.swift in Sources */,
			);
			runOnlyForDeploymentPostprocessing = 0;
		};
		4AF037D82AF7AFDA001DA946 /* Sources */ = {
			isa = PBXSourcesBuildPhase;
			buildActionMask = 2147483647;
			files = (
				4AF037E12AF7AFDB001DA946 /* ContentView.swift in Sources */,
				4AF037DF2AF7AFDB001DA946 /* MarvelSwiftUI__macOS_App.swift in Sources */,
			);
			runOnlyForDeploymentPostprocessing = 0;
		};
		4AF037E82AF7AFDD001DA946 /* Sources */ = {
			isa = PBXSourcesBuildPhase;
			buildActionMask = 2147483647;
			files = (
				4AF037F12AF7AFDE001DA946 /* MarvelSwiftUI__macOS_Tests.swift in Sources */,
			);
			runOnlyForDeploymentPostprocessing = 0;
		};
		4AF037F22AF7AFDE001DA946 /* Sources */ = {
			isa = PBXSourcesBuildPhase;
			buildActionMask = 2147483647;
			files = (
				4AF037FB2AF7AFDE001DA946 /* MarvelSwiftUI__macOS_UITests.swift in Sources */,
				4AF037FD2AF7AFDE001DA946 /* MarvelSwiftUI__macOS_UITestsLaunchTests.swift in Sources */,
			);
			runOnlyForDeploymentPostprocessing = 0;
		};
/* End PBXSourcesBuildPhase section */

/* Begin PBXTargetDependency section */
		4A61C30529CEDECB001C898C /* PBXTargetDependency */ = {
			isa = PBXTargetDependency;
			target = 4A61C2F129CEDEC9001C898C /* MarvelSwiftUI */;
			targetProxy = 4A61C30429CEDECB001C898C /* PBXContainerItemProxy */;
		};
		4A61C30F29CEDECB001C898C /* PBXTargetDependency */ = {
			isa = PBXTargetDependency;
			target = 4A61C2F129CEDEC9001C898C /* MarvelSwiftUI */;
			targetProxy = 4A61C30E29CEDECB001C898C /* PBXContainerItemProxy */;
		};
		4AA72D692AFAB3750058E800 /* PBXTargetDependency */ = {
			isa = PBXTargetDependency;
			target = 4AA72D5C2AFAB3720058E800 /* Marvel Watch App */;
			targetProxy = 4AA72D682AFAB3750058E800 /* PBXContainerItemProxy */;
		};
		4AF037EE2AF7AFDD001DA946 /* PBXTargetDependency */ = {
			isa = PBXTargetDependency;
			target = 4AF037DB2AF7AFDA001DA946 /* MarvelSwiftUI (macOS) */;
			targetProxy = 4AF037ED2AF7AFDD001DA946 /* PBXContainerItemProxy */;
		};
		4AF037F82AF7AFDE001DA946 /* PBXTargetDependency */ = {
			isa = PBXTargetDependency;
			target = 4AF037DB2AF7AFDA001DA946 /* MarvelSwiftUI (macOS) */;
			targetProxy = 4AF037F72AF7AFDE001DA946 /* PBXContainerItemProxy */;
		};
/* End PBXTargetDependency section */

/* Begin XCBuildConfiguration section */
		4A61C31529CEDECB001C898C /* Debug */ = {
			isa = XCBuildConfiguration;
			buildSettings = {
				ALWAYS_SEARCH_USER_PATHS = NO;
				CLANG_ANALYZER_NONNULL = YES;
				CLANG_ANALYZER_NUMBER_OBJECT_CONVERSION = YES_AGGRESSIVE;
				CLANG_CXX_LANGUAGE_STANDARD = "gnu++20";
				CLANG_ENABLE_MODULES = YES;
				CLANG_ENABLE_OBJC_ARC = YES;
				CLANG_ENABLE_OBJC_WEAK = YES;
				CLANG_WARN_BLOCK_CAPTURE_AUTORELEASING = YES;
				CLANG_WARN_BOOL_CONVERSION = YES;
				CLANG_WARN_COMMA = YES;
				CLANG_WARN_CONSTANT_CONVERSION = YES;
				CLANG_WARN_DEPRECATED_OBJC_IMPLEMENTATIONS = YES;
				CLANG_WARN_DIRECT_OBJC_ISA_USAGE = YES_ERROR;
				CLANG_WARN_DOCUMENTATION_COMMENTS = YES;
				CLANG_WARN_EMPTY_BODY = YES;
				CLANG_WARN_ENUM_CONVERSION = YES;
				CLANG_WARN_INFINITE_RECURSION = YES;
				CLANG_WARN_INT_CONVERSION = YES;
				CLANG_WARN_NON_LITERAL_NULL_CONVERSION = YES;
				CLANG_WARN_OBJC_IMPLICIT_RETAIN_SELF = YES;
				CLANG_WARN_OBJC_LITERAL_CONVERSION = YES;
				CLANG_WARN_OBJC_ROOT_CLASS = YES_ERROR;
				CLANG_WARN_QUOTED_INCLUDE_IN_FRAMEWORK_HEADER = YES;
				CLANG_WARN_RANGE_LOOP_ANALYSIS = YES;
				CLANG_WARN_STRICT_PROTOTYPES = YES;
				CLANG_WARN_SUSPICIOUS_MOVE = YES;
				CLANG_WARN_UNGUARDED_AVAILABILITY = YES_AGGRESSIVE;
				CLANG_WARN_UNREACHABLE_CODE = YES;
				CLANG_WARN__DUPLICATE_METHOD_MATCH = YES;
				COPY_PHASE_STRIP = NO;
				DEAD_CODE_STRIPPING = YES;
				DEBUG_INFORMATION_FORMAT = dwarf;
				ENABLE_STRICT_OBJC_MSGSEND = YES;
				ENABLE_TESTABILITY = YES;
				GCC_C_LANGUAGE_STANDARD = gnu11;
				GCC_DYNAMIC_NO_PIC = NO;
				GCC_NO_COMMON_BLOCKS = YES;
				GCC_OPTIMIZATION_LEVEL = 0;
				GCC_PREPROCESSOR_DEFINITIONS = (
					"DEBUG=1",
					"$(inherited)",
				);
				GCC_WARN_64_TO_32_BIT_CONVERSION = YES;
				GCC_WARN_ABOUT_RETURN_TYPE = YES_ERROR;
				GCC_WARN_UNDECLARED_SELECTOR = YES;
				GCC_WARN_UNINITIALIZED_AUTOS = YES_AGGRESSIVE;
				GCC_WARN_UNUSED_FUNCTION = YES;
				GCC_WARN_UNUSED_VARIABLE = YES;
				MTL_ENABLE_DEBUG_INFO = INCLUDE_SOURCE;
				MTL_FAST_MATH = YES;
				ONLY_ACTIVE_ARCH = YES;
				SWIFT_ACTIVE_COMPILATION_CONDITIONS = DEBUG;
				SWIFT_OPTIMIZATION_LEVEL = "-Onone";
			};
			name = Debug;
		};
		4A61C31629CEDECB001C898C /* Release */ = {
			isa = XCBuildConfiguration;
			buildSettings = {
				ALWAYS_SEARCH_USER_PATHS = NO;
				CLANG_ANALYZER_NONNULL = YES;
				CLANG_ANALYZER_NUMBER_OBJECT_CONVERSION = YES_AGGRESSIVE;
				CLANG_CXX_LANGUAGE_STANDARD = "gnu++20";
				CLANG_ENABLE_MODULES = YES;
				CLANG_ENABLE_OBJC_ARC = YES;
				CLANG_ENABLE_OBJC_WEAK = YES;
				CLANG_WARN_BLOCK_CAPTURE_AUTORELEASING = YES;
				CLANG_WARN_BOOL_CONVERSION = YES;
				CLANG_WARN_COMMA = YES;
				CLANG_WARN_CONSTANT_CONVERSION = YES;
				CLANG_WARN_DEPRECATED_OBJC_IMPLEMENTATIONS = YES;
				CLANG_WARN_DIRECT_OBJC_ISA_USAGE = YES_ERROR;
				CLANG_WARN_DOCUMENTATION_COMMENTS = YES;
				CLANG_WARN_EMPTY_BODY = YES;
				CLANG_WARN_ENUM_CONVERSION = YES;
				CLANG_WARN_INFINITE_RECURSION = YES;
				CLANG_WARN_INT_CONVERSION = YES;
				CLANG_WARN_NON_LITERAL_NULL_CONVERSION = YES;
				CLANG_WARN_OBJC_IMPLICIT_RETAIN_SELF = YES;
				CLANG_WARN_OBJC_LITERAL_CONVERSION = YES;
				CLANG_WARN_OBJC_ROOT_CLASS = YES_ERROR;
				CLANG_WARN_QUOTED_INCLUDE_IN_FRAMEWORK_HEADER = YES;
				CLANG_WARN_RANGE_LOOP_ANALYSIS = YES;
				CLANG_WARN_STRICT_PROTOTYPES = YES;
				CLANG_WARN_SUSPICIOUS_MOVE = YES;
				CLANG_WARN_UNGUARDED_AVAILABILITY = YES_AGGRESSIVE;
				CLANG_WARN_UNREACHABLE_CODE = YES;
				CLANG_WARN__DUPLICATE_METHOD_MATCH = YES;
				COPY_PHASE_STRIP = NO;
				DEAD_CODE_STRIPPING = YES;
				DEBUG_INFORMATION_FORMAT = "dwarf-with-dsym";
				ENABLE_NS_ASSERTIONS = NO;
				ENABLE_STRICT_OBJC_MSGSEND = YES;
				GCC_C_LANGUAGE_STANDARD = gnu11;
				GCC_NO_COMMON_BLOCKS = YES;
				GCC_WARN_64_TO_32_BIT_CONVERSION = YES;
				GCC_WARN_ABOUT_RETURN_TYPE = YES_ERROR;
				GCC_WARN_UNDECLARED_SELECTOR = YES;
				GCC_WARN_UNINITIALIZED_AUTOS = YES_AGGRESSIVE;
				GCC_WARN_UNUSED_FUNCTION = YES;
				GCC_WARN_UNUSED_VARIABLE = YES;
				MTL_ENABLE_DEBUG_INFO = NO;
				MTL_FAST_MATH = YES;
				SWIFT_COMPILATION_MODE = wholemodule;
				SWIFT_OPTIMIZATION_LEVEL = "-O";
			};
			name = Release;
		};
		4A61C31829CEDECB001C898C /* Debug */ = {
			isa = XCBuildConfiguration;
			buildSettings = {
				ALWAYS_EMBED_SWIFT_STANDARD_LIBRARIES = YES;
				ASSETCATALOG_COMPILER_APPICON_NAME = AppIcon;
				ASSETCATALOG_COMPILER_GLOBAL_ACCENT_COLOR_NAME = AccentColor;
				CODE_SIGN_ENTITLEMENTS = MarvelSwiftUI/MarvelSwiftUI.entitlements;
				"CODE_SIGN_IDENTITY[sdk=macosx*]" = "-";
				CODE_SIGN_STYLE = Automatic;
				CURRENT_PROJECT_VERSION = 1;
				DEAD_CODE_STRIPPING = YES;
				DEVELOPMENT_ASSET_PATHS = "\"MarvelSwiftUI/Preview Content\"";
				DEVELOPMENT_TEAM = "";
				ENABLE_PREVIEWS = YES;
				GENERATE_INFOPLIST_FILE = YES;
				INFOPLIST_FILE = MarvelSwiftUI/Info.plist;
				INFOPLIST_KEY_CFBundleDisplayName = "Marvel Heroes";
				"INFOPLIST_KEY_UIApplicationSceneManifest_Generation[sdk=iphoneos*]" = YES;
				"INFOPLIST_KEY_UIApplicationSceneManifest_Generation[sdk=iphonesimulator*]" = YES;
				"INFOPLIST_KEY_UIApplicationSupportsIndirectInputEvents[sdk=iphoneos*]" = YES;
				"INFOPLIST_KEY_UIApplicationSupportsIndirectInputEvents[sdk=iphonesimulator*]" = YES;
				"INFOPLIST_KEY_UILaunchScreen_Generation[sdk=iphoneos*]" = YES;
				"INFOPLIST_KEY_UILaunchScreen_Generation[sdk=iphonesimulator*]" = YES;
				"INFOPLIST_KEY_UIStatusBarStyle[sdk=iphoneos*]" = UIStatusBarStyleDefault;
				"INFOPLIST_KEY_UIStatusBarStyle[sdk=iphonesimulator*]" = UIStatusBarStyleDefault;
				INFOPLIST_KEY_UISupportedInterfaceOrientations_iPad = "UIInterfaceOrientationPortrait UIInterfaceOrientationPortraitUpsideDown UIInterfaceOrientationLandscapeLeft UIInterfaceOrientationLandscapeRight";
				INFOPLIST_KEY_UISupportedInterfaceOrientations_iPhone = "UIInterfaceOrientationPortrait UIInterfaceOrientationLandscapeLeft UIInterfaceOrientationLandscapeRight";
				IPHONEOS_DEPLOYMENT_TARGET = 16.2;
				LD_RUNPATH_SEARCH_PATHS = "@executable_path/Frameworks";
				"LD_RUNPATH_SEARCH_PATHS[sdk=macosx*]" = "@executable_path/../Frameworks";
				MACOSX_DEPLOYMENT_TARGET = 13.1;
				MARKETING_VERSION = 1.0;
				PRODUCT_BUNDLE_IDENTIFIER = ericolsson.MarvelSwiftUI;
				PRODUCT_NAME = "$(TARGET_NAME)";
				SDKROOT = auto;
				SUPPORTED_PLATFORMS = "iphoneos iphonesimulator macosx";
				SWIFT_EMIT_LOC_STRINGS = YES;
				SWIFT_VERSION = 5.0;
				TARGETED_DEVICE_FAMILY = "1,2";
			};
			name = Debug;
		};
		4A61C31929CEDECB001C898C /* Release */ = {
			isa = XCBuildConfiguration;
			buildSettings = {
				ALWAYS_EMBED_SWIFT_STANDARD_LIBRARIES = YES;
				ASSETCATALOG_COMPILER_APPICON_NAME = AppIcon;
				ASSETCATALOG_COMPILER_GLOBAL_ACCENT_COLOR_NAME = AccentColor;
				CODE_SIGN_ENTITLEMENTS = MarvelSwiftUI/MarvelSwiftUI.entitlements;
				"CODE_SIGN_IDENTITY[sdk=macosx*]" = "-";
				CODE_SIGN_STYLE = Automatic;
				CURRENT_PROJECT_VERSION = 1;
				DEAD_CODE_STRIPPING = YES;
				DEVELOPMENT_ASSET_PATHS = "\"MarvelSwiftUI/Preview Content\"";
				DEVELOPMENT_TEAM = "";
				ENABLE_PREVIEWS = YES;
				GENERATE_INFOPLIST_FILE = YES;
				INFOPLIST_FILE = MarvelSwiftUI/Info.plist;
				INFOPLIST_KEY_CFBundleDisplayName = "Marvel Heroes";
				"INFOPLIST_KEY_UIApplicationSceneManifest_Generation[sdk=iphoneos*]" = YES;
				"INFOPLIST_KEY_UIApplicationSceneManifest_Generation[sdk=iphonesimulator*]" = YES;
				"INFOPLIST_KEY_UIApplicationSupportsIndirectInputEvents[sdk=iphoneos*]" = YES;
				"INFOPLIST_KEY_UIApplicationSupportsIndirectInputEvents[sdk=iphonesimulator*]" = YES;
				"INFOPLIST_KEY_UILaunchScreen_Generation[sdk=iphoneos*]" = YES;
				"INFOPLIST_KEY_UILaunchScreen_Generation[sdk=iphonesimulator*]" = YES;
				"INFOPLIST_KEY_UIStatusBarStyle[sdk=iphoneos*]" = UIStatusBarStyleDefault;
				"INFOPLIST_KEY_UIStatusBarStyle[sdk=iphonesimulator*]" = UIStatusBarStyleDefault;
				INFOPLIST_KEY_UISupportedInterfaceOrientations_iPad = "UIInterfaceOrientationPortrait UIInterfaceOrientationPortraitUpsideDown UIInterfaceOrientationLandscapeLeft UIInterfaceOrientationLandscapeRight";
				INFOPLIST_KEY_UISupportedInterfaceOrientations_iPhone = "UIInterfaceOrientationPortrait UIInterfaceOrientationLandscapeLeft UIInterfaceOrientationLandscapeRight";
				IPHONEOS_DEPLOYMENT_TARGET = 16.2;
				LD_RUNPATH_SEARCH_PATHS = "@executable_path/Frameworks";
				"LD_RUNPATH_SEARCH_PATHS[sdk=macosx*]" = "@executable_path/../Frameworks";
				MACOSX_DEPLOYMENT_TARGET = 13.1;
				MARKETING_VERSION = 1.0;
				PRODUCT_BUNDLE_IDENTIFIER = ericolsson.MarvelSwiftUI;
				PRODUCT_NAME = "$(TARGET_NAME)";
				SDKROOT = auto;
				SUPPORTED_PLATFORMS = "iphoneos iphonesimulator macosx";
				SWIFT_EMIT_LOC_STRINGS = YES;
				SWIFT_VERSION = 5.0;
				TARGETED_DEVICE_FAMILY = "1,2";
			};
			name = Release;
		};
		4A61C31B29CEDECB001C898C /* Debug */ = {
			isa = XCBuildConfiguration;
			buildSettings = {
				ALWAYS_EMBED_SWIFT_STANDARD_LIBRARIES = YES;
				BUNDLE_LOADER = "$(TEST_HOST)";
				CODE_SIGN_STYLE = Automatic;
				CURRENT_PROJECT_VERSION = 1;
				DEAD_CODE_STRIPPING = YES;
				GENERATE_INFOPLIST_FILE = YES;
				IPHONEOS_DEPLOYMENT_TARGET = 16.2;
				MACOSX_DEPLOYMENT_TARGET = 13.1;
				MARKETING_VERSION = 1.0;
				PRODUCT_BUNDLE_IDENTIFIER = ericolsson.MarvelSwiftUITests;
				PRODUCT_NAME = "$(TARGET_NAME)";
				SDKROOT = auto;
				SUPPORTED_PLATFORMS = "iphoneos iphonesimulator macosx";
				SWIFT_EMIT_LOC_STRINGS = NO;
				SWIFT_VERSION = 5.0;
				TARGETED_DEVICE_FAMILY = "1,2";
				TEST_HOST = "$(BUILT_PRODUCTS_DIR)/MarvelSwiftUI.app/$(BUNDLE_EXECUTABLE_FOLDER_PATH)/MarvelSwiftUI";
			};
			name = Debug;
		};
		4A61C31C29CEDECB001C898C /* Release */ = {
			isa = XCBuildConfiguration;
			buildSettings = {
				ALWAYS_EMBED_SWIFT_STANDARD_LIBRARIES = YES;
				BUNDLE_LOADER = "$(TEST_HOST)";
				CODE_SIGN_STYLE = Automatic;
				CURRENT_PROJECT_VERSION = 1;
				DEAD_CODE_STRIPPING = YES;
				GENERATE_INFOPLIST_FILE = YES;
				IPHONEOS_DEPLOYMENT_TARGET = 16.2;
				MACOSX_DEPLOYMENT_TARGET = 13.1;
				MARKETING_VERSION = 1.0;
				PRODUCT_BUNDLE_IDENTIFIER = ericolsson.MarvelSwiftUITests;
				PRODUCT_NAME = "$(TARGET_NAME)";
				SDKROOT = auto;
				SUPPORTED_PLATFORMS = "iphoneos iphonesimulator macosx";
				SWIFT_EMIT_LOC_STRINGS = NO;
				SWIFT_VERSION = 5.0;
				TARGETED_DEVICE_FAMILY = "1,2";
				TEST_HOST = "$(BUILT_PRODUCTS_DIR)/MarvelSwiftUI.app/$(BUNDLE_EXECUTABLE_FOLDER_PATH)/MarvelSwiftUI";
			};
			name = Release;
		};
		4A61C31E29CEDECB001C898C /* Debug */ = {
			isa = XCBuildConfiguration;
			buildSettings = {
				ALWAYS_EMBED_SWIFT_STANDARD_LIBRARIES = YES;
				CODE_SIGN_STYLE = Automatic;
				CURRENT_PROJECT_VERSION = 1;
				DEAD_CODE_STRIPPING = YES;
				GENERATE_INFOPLIST_FILE = YES;
				IPHONEOS_DEPLOYMENT_TARGET = 16.2;
				MACOSX_DEPLOYMENT_TARGET = 13.1;
				MARKETING_VERSION = 1.0;
				PRODUCT_BUNDLE_IDENTIFIER = ericolsson.MarvelSwiftUIUITests;
				PRODUCT_NAME = "$(TARGET_NAME)";
				SDKROOT = auto;
				SUPPORTED_PLATFORMS = "iphoneos iphonesimulator macosx";
				SWIFT_EMIT_LOC_STRINGS = NO;
				SWIFT_VERSION = 5.0;
				TARGETED_DEVICE_FAMILY = "1,2";
				TEST_TARGET_NAME = MarvelSwiftUI;
			};
			name = Debug;
		};
		4A61C31F29CEDECB001C898C /* Release */ = {
			isa = XCBuildConfiguration;
			buildSettings = {
				ALWAYS_EMBED_SWIFT_STANDARD_LIBRARIES = YES;
				CODE_SIGN_STYLE = Automatic;
				CURRENT_PROJECT_VERSION = 1;
				DEAD_CODE_STRIPPING = YES;
				GENERATE_INFOPLIST_FILE = YES;
				IPHONEOS_DEPLOYMENT_TARGET = 16.2;
				MACOSX_DEPLOYMENT_TARGET = 13.1;
				MARKETING_VERSION = 1.0;
				PRODUCT_BUNDLE_IDENTIFIER = ericolsson.MarvelSwiftUIUITests;
				PRODUCT_NAME = "$(TARGET_NAME)";
				SDKROOT = auto;
				SUPPORTED_PLATFORMS = "iphoneos iphonesimulator macosx";
				SWIFT_EMIT_LOC_STRINGS = NO;
				SWIFT_VERSION = 5.0;
				TARGETED_DEVICE_FAMILY = "1,2";
				TEST_TARGET_NAME = MarvelSwiftUI;
			};
			name = Release;
		};
		4AA72D6C2AFAB3750058E800 /* Debug */ = {
			isa = XCBuildConfiguration;
			buildSettings = {
				ASSETCATALOG_COMPILER_APPICON_NAME = AppIcon;
				ASSETCATALOG_COMPILER_GENERATE_SWIFT_ASSET_SYMBOL_EXTENSIONS = YES;
				ASSETCATALOG_COMPILER_GLOBAL_ACCENT_COLOR_NAME = AccentColor;
				CODE_SIGN_STYLE = Automatic;
				CURRENT_PROJECT_VERSION = 1;
				DEVELOPMENT_ASSET_PATHS = "\"Marvel Watch App/Preview Content\"";
				DEVELOPMENT_TEAM = 4578H3T55F;
				ENABLE_PREVIEWS = YES;
				ENABLE_USER_SCRIPT_SANDBOXING = YES;
				GCC_C_LANGUAGE_STANDARD = gnu17;
				GENERATE_INFOPLIST_FILE = YES;
				INFOPLIST_KEY_CFBundleDisplayName = Marvel;
				INFOPLIST_KEY_UISupportedInterfaceOrientations = "UIInterfaceOrientationPortrait UIInterfaceOrientationPortraitUpsideDown";
				INFOPLIST_KEY_WKCompanionAppBundleIdentifier = ericolsson.MarvelSwiftUI;
				LD_RUNPATH_SEARCH_PATHS = (
					"$(inherited)",
					"@executable_path/Frameworks",
				);
				LOCALIZATION_PREFERS_STRING_CATALOGS = YES;
				MARKETING_VERSION = 1.0;
				PRODUCT_BUNDLE_IDENTIFIER = ericolsson.MarvelSwiftUI.watchkitapp;
				PRODUCT_NAME = "$(TARGET_NAME)";
				SDKROOT = watchos;
				SKIP_INSTALL = YES;
				SWIFT_ACTIVE_COMPILATION_CONDITIONS = "DEBUG $(inherited)";
				SWIFT_EMIT_LOC_STRINGS = YES;
				SWIFT_VERSION = 5.0;
				TARGETED_DEVICE_FAMILY = 4;
				WATCHOS_DEPLOYMENT_TARGET = 10.0;
			};
			name = Debug;
		};
		4AA72D6D2AFAB3750058E800 /* Release */ = {
			isa = XCBuildConfiguration;
			buildSettings = {
				ASSETCATALOG_COMPILER_APPICON_NAME = AppIcon;
				ASSETCATALOG_COMPILER_GENERATE_SWIFT_ASSET_SYMBOL_EXTENSIONS = YES;
				ASSETCATALOG_COMPILER_GLOBAL_ACCENT_COLOR_NAME = AccentColor;
				CODE_SIGN_STYLE = Automatic;
				CURRENT_PROJECT_VERSION = 1;
				DEVELOPMENT_ASSET_PATHS = "\"Marvel Watch App/Preview Content\"";
				DEVELOPMENT_TEAM = 4578H3T55F;
				ENABLE_PREVIEWS = YES;
				ENABLE_USER_SCRIPT_SANDBOXING = YES;
				GCC_C_LANGUAGE_STANDARD = gnu17;
				GENERATE_INFOPLIST_FILE = YES;
				INFOPLIST_KEY_CFBundleDisplayName = Marvel;
				INFOPLIST_KEY_UISupportedInterfaceOrientations = "UIInterfaceOrientationPortrait UIInterfaceOrientationPortraitUpsideDown";
				INFOPLIST_KEY_WKCompanionAppBundleIdentifier = ericolsson.MarvelSwiftUI;
				LD_RUNPATH_SEARCH_PATHS = (
					"$(inherited)",
					"@executable_path/Frameworks",
				);
				LOCALIZATION_PREFERS_STRING_CATALOGS = YES;
				MARKETING_VERSION = 1.0;
				PRODUCT_BUNDLE_IDENTIFIER = ericolsson.MarvelSwiftUI.watchkitapp;
				PRODUCT_NAME = "$(TARGET_NAME)";
				SDKROOT = watchos;
				SKIP_INSTALL = YES;
				SWIFT_EMIT_LOC_STRINGS = YES;
				SWIFT_VERSION = 5.0;
				TARGETED_DEVICE_FAMILY = 4;
				VALIDATE_PRODUCT = YES;
				WATCHOS_DEPLOYMENT_TARGET = 10.0;
			};
			name = Release;
		};
		4AF037FE2AF7AFDE001DA946 /* Debug */ = {
			isa = XCBuildConfiguration;
			buildSettings = {
				ASSETCATALOG_COMPILER_APPICON_NAME = AppIcon;
				ASSETCATALOG_COMPILER_GENERATE_SWIFT_ASSET_SYMBOL_EXTENSIONS = YES;
				ASSETCATALOG_COMPILER_GLOBAL_ACCENT_COLOR_NAME = AccentColor;
				CODE_SIGN_ENTITLEMENTS = "MarvelSwiftUI (macOS)/MarvelSwiftUI__macOS_.entitlements";
				CODE_SIGN_STYLE = Automatic;
				COMBINE_HIDPI_IMAGES = YES;
				CURRENT_PROJECT_VERSION = 1;
				DEVELOPMENT_ASSET_PATHS = "\"MarvelSwiftUI (macOS)/Preview Content\"";
				ENABLE_PREVIEWS = YES;
				ENABLE_USER_SCRIPT_SANDBOXING = YES;
				GCC_C_LANGUAGE_STANDARD = gnu17;
				GENERATE_INFOPLIST_FILE = YES;
				INFOPLIST_FILE = "MarvelSwiftUI--macOS--Info.plist";
				INFOPLIST_KEY_NSHumanReadableCopyright = "";
				LD_RUNPATH_SEARCH_PATHS = (
					"$(inherited)",
					"@executable_path/../Frameworks",
				);
				LOCALIZATION_PREFERS_STRING_CATALOGS = YES;
				MACOSX_DEPLOYMENT_TARGET = 14.0;
				MARKETING_VERSION = 1.0;
				PRODUCT_BUNDLE_IDENTIFIER = "ericolsson.MarvelSwiftUI--macOS-";
				PRODUCT_NAME = "$(TARGET_NAME)";
				SDKROOT = macosx;
				SWIFT_ACTIVE_COMPILATION_CONDITIONS = "DEBUG $(inherited)";
				SWIFT_EMIT_LOC_STRINGS = YES;
				SWIFT_VERSION = 5.0;
			};
			name = Debug;
		};
		4AF037FF2AF7AFDE001DA946 /* Release */ = {
			isa = XCBuildConfiguration;
			buildSettings = {
				ASSETCATALOG_COMPILER_APPICON_NAME = AppIcon;
				ASSETCATALOG_COMPILER_GENERATE_SWIFT_ASSET_SYMBOL_EXTENSIONS = YES;
				ASSETCATALOG_COMPILER_GLOBAL_ACCENT_COLOR_NAME = AccentColor;
				CODE_SIGN_ENTITLEMENTS = "MarvelSwiftUI (macOS)/MarvelSwiftUI__macOS_.entitlements";
				CODE_SIGN_STYLE = Automatic;
				COMBINE_HIDPI_IMAGES = YES;
				CURRENT_PROJECT_VERSION = 1;
				DEVELOPMENT_ASSET_PATHS = "\"MarvelSwiftUI (macOS)/Preview Content\"";
				ENABLE_PREVIEWS = YES;
				ENABLE_USER_SCRIPT_SANDBOXING = YES;
				GCC_C_LANGUAGE_STANDARD = gnu17;
				GENERATE_INFOPLIST_FILE = YES;
				INFOPLIST_FILE = "MarvelSwiftUI--macOS--Info.plist";
				INFOPLIST_KEY_NSHumanReadableCopyright = "";
				LD_RUNPATH_SEARCH_PATHS = (
					"$(inherited)",
					"@executable_path/../Frameworks",
				);
				LOCALIZATION_PREFERS_STRING_CATALOGS = YES;
				MACOSX_DEPLOYMENT_TARGET = 14.0;
				MARKETING_VERSION = 1.0;
				PRODUCT_BUNDLE_IDENTIFIER = "ericolsson.MarvelSwiftUI--macOS-";
				PRODUCT_NAME = "$(TARGET_NAME)";
				SDKROOT = macosx;
				SWIFT_EMIT_LOC_STRINGS = YES;
				SWIFT_VERSION = 5.0;
			};
			name = Release;
		};
		4AF038002AF7AFDE001DA946 /* Debug */ = {
			isa = XCBuildConfiguration;
			buildSettings = {
				ALWAYS_EMBED_SWIFT_STANDARD_LIBRARIES = YES;
				ASSETCATALOG_COMPILER_GENERATE_SWIFT_ASSET_SYMBOL_EXTENSIONS = YES;
				BUNDLE_LOADER = "$(TEST_HOST)";
				CODE_SIGN_STYLE = Automatic;
				CURRENT_PROJECT_VERSION = 1;
				ENABLE_USER_SCRIPT_SANDBOXING = YES;
				GCC_C_LANGUAGE_STANDARD = gnu17;
				GENERATE_INFOPLIST_FILE = YES;
				LOCALIZATION_PREFERS_STRING_CATALOGS = YES;
				MACOSX_DEPLOYMENT_TARGET = 14.0;
				MARKETING_VERSION = 1.0;
				PRODUCT_BUNDLE_IDENTIFIER = "ericolsson.MarvelSwiftUI--macOS-Tests";
				PRODUCT_NAME = "$(TARGET_NAME)";
				SDKROOT = macosx;
				SWIFT_ACTIVE_COMPILATION_CONDITIONS = "DEBUG $(inherited)";
				SWIFT_EMIT_LOC_STRINGS = NO;
				SWIFT_VERSION = 5.0;
				TEST_HOST = "$(BUILT_PRODUCTS_DIR)/MarvelSwiftUI (macOS).app/$(BUNDLE_EXECUTABLE_FOLDER_PATH)/MarvelSwiftUI (macOS)";
			};
			name = Debug;
		};
		4AF038012AF7AFDE001DA946 /* Release */ = {
			isa = XCBuildConfiguration;
			buildSettings = {
				ALWAYS_EMBED_SWIFT_STANDARD_LIBRARIES = YES;
				ASSETCATALOG_COMPILER_GENERATE_SWIFT_ASSET_SYMBOL_EXTENSIONS = YES;
				BUNDLE_LOADER = "$(TEST_HOST)";
				CODE_SIGN_STYLE = Automatic;
				CURRENT_PROJECT_VERSION = 1;
				ENABLE_USER_SCRIPT_SANDBOXING = YES;
				GCC_C_LANGUAGE_STANDARD = gnu17;
				GENERATE_INFOPLIST_FILE = YES;
				LOCALIZATION_PREFERS_STRING_CATALOGS = YES;
				MACOSX_DEPLOYMENT_TARGET = 14.0;
				MARKETING_VERSION = 1.0;
				PRODUCT_BUNDLE_IDENTIFIER = "ericolsson.MarvelSwiftUI--macOS-Tests";
				PRODUCT_NAME = "$(TARGET_NAME)";
				SDKROOT = macosx;
				SWIFT_EMIT_LOC_STRINGS = NO;
				SWIFT_VERSION = 5.0;
				TEST_HOST = "$(BUILT_PRODUCTS_DIR)/MarvelSwiftUI (macOS).app/$(BUNDLE_EXECUTABLE_FOLDER_PATH)/MarvelSwiftUI (macOS)";
			};
			name = Release;
		};
		4AF038022AF7AFDE001DA946 /* Debug */ = {
			isa = XCBuildConfiguration;
			buildSettings = {
				ALWAYS_EMBED_SWIFT_STANDARD_LIBRARIES = YES;
				ASSETCATALOG_COMPILER_GENERATE_SWIFT_ASSET_SYMBOL_EXTENSIONS = YES;
				CODE_SIGN_STYLE = Automatic;
				CURRENT_PROJECT_VERSION = 1;
				ENABLE_USER_SCRIPT_SANDBOXING = YES;
				GCC_C_LANGUAGE_STANDARD = gnu17;
				GENERATE_INFOPLIST_FILE = YES;
				LOCALIZATION_PREFERS_STRING_CATALOGS = YES;
				MACOSX_DEPLOYMENT_TARGET = 14.0;
				MARKETING_VERSION = 1.0;
				PRODUCT_BUNDLE_IDENTIFIER = "ericolsson.MarvelSwiftUI--macOS-UITests";
				PRODUCT_NAME = "$(TARGET_NAME)";
				SDKROOT = macosx;
				SWIFT_ACTIVE_COMPILATION_CONDITIONS = "DEBUG $(inherited)";
				SWIFT_EMIT_LOC_STRINGS = NO;
				SWIFT_VERSION = 5.0;
				TEST_TARGET_NAME = "MarvelSwiftUI (macOS)";
			};
			name = Debug;
		};
		4AF038032AF7AFDE001DA946 /* Release */ = {
			isa = XCBuildConfiguration;
			buildSettings = {
				ALWAYS_EMBED_SWIFT_STANDARD_LIBRARIES = YES;
				ASSETCATALOG_COMPILER_GENERATE_SWIFT_ASSET_SYMBOL_EXTENSIONS = YES;
				CODE_SIGN_STYLE = Automatic;
				CURRENT_PROJECT_VERSION = 1;
				ENABLE_USER_SCRIPT_SANDBOXING = YES;
				GCC_C_LANGUAGE_STANDARD = gnu17;
				GENERATE_INFOPLIST_FILE = YES;
				LOCALIZATION_PREFERS_STRING_CATALOGS = YES;
				MACOSX_DEPLOYMENT_TARGET = 14.0;
				MARKETING_VERSION = 1.0;
				PRODUCT_BUNDLE_IDENTIFIER = "ericolsson.MarvelSwiftUI--macOS-UITests";
				PRODUCT_NAME = "$(TARGET_NAME)";
				SDKROOT = macosx;
				SWIFT_EMIT_LOC_STRINGS = NO;
				SWIFT_VERSION = 5.0;
				TEST_TARGET_NAME = "MarvelSwiftUI (macOS)";
			};
			name = Release;
		};
/* End XCBuildConfiguration section */

/* Begin XCConfigurationList section */
		4A61C2ED29CEDEC9001C898C /* Build configuration list for PBXProject "MarvelSwiftUI" */ = {
			isa = XCConfigurationList;
			buildConfigurations = (
				4A61C31529CEDECB001C898C /* Debug */,
				4A61C31629CEDECB001C898C /* Release */,
			);
			defaultConfigurationIsVisible = 0;
			defaultConfigurationName = Release;
		};
		4A61C31729CEDECB001C898C /* Build configuration list for PBXNativeTarget "MarvelSwiftUI" */ = {
			isa = XCConfigurationList;
			buildConfigurations = (
				4A61C31829CEDECB001C898C /* Debug */,
				4A61C31929CEDECB001C898C /* Release */,
			);
			defaultConfigurationIsVisible = 0;
			defaultConfigurationName = Release;
		};
		4A61C31A29CEDECB001C898C /* Build configuration list for PBXNativeTarget "MarvelSwiftUITests" */ = {
			isa = XCConfigurationList;
			buildConfigurations = (
				4A61C31B29CEDECB001C898C /* Debug */,
				4A61C31C29CEDECB001C898C /* Release */,
			);
			defaultConfigurationIsVisible = 0;
			defaultConfigurationName = Release;
		};
		4A61C31D29CEDECB001C898C /* Build configuration list for PBXNativeTarget "MarvelSwiftUIUITests" */ = {
			isa = XCConfigurationList;
			buildConfigurations = (
				4A61C31E29CEDECB001C898C /* Debug */,
				4A61C31F29CEDECB001C898C /* Release */,
			);
			defaultConfigurationIsVisible = 0;
			defaultConfigurationName = Release;
		};
		4AA72D6E2AFAB3750058E800 /* Build configuration list for PBXNativeTarget "Marvel Watch App" */ = {
			isa = XCConfigurationList;
			buildConfigurations = (
				4AA72D6C2AFAB3750058E800 /* Debug */,
				4AA72D6D2AFAB3750058E800 /* Release */,
			);
			defaultConfigurationIsVisible = 0;
			defaultConfigurationName = Release;
		};
		4AF038042AF7AFDE001DA946 /* Build configuration list for PBXNativeTarget "MarvelSwiftUI (macOS)" */ = {
			isa = XCConfigurationList;
			buildConfigurations = (
				4AF037FE2AF7AFDE001DA946 /* Debug */,
				4AF037FF2AF7AFDE001DA946 /* Release */,
			);
			defaultConfigurationIsVisible = 0;
			defaultConfigurationName = Release;
		};
		4AF038052AF7AFDE001DA946 /* Build configuration list for PBXNativeTarget "MarvelSwiftUI (macOS)Tests" */ = {
			isa = XCConfigurationList;
			buildConfigurations = (
				4AF038002AF7AFDE001DA946 /* Debug */,
				4AF038012AF7AFDE001DA946 /* Release */,
			);
			defaultConfigurationIsVisible = 0;
			defaultConfigurationName = Release;
		};
		4AF038062AF7AFDE001DA946 /* Build configuration list for PBXNativeTarget "MarvelSwiftUI (macOS)UITests" */ = {
			isa = XCConfigurationList;
			buildConfigurations = (
				4AF038022AF7AFDE001DA946 /* Debug */,
				4AF038032AF7AFDE001DA946 /* Release */,
			);
			defaultConfigurationIsVisible = 0;
			defaultConfigurationName = Release;
		};
/* End XCConfigurationList section */

/* Begin XCRemoteSwiftPackageReference section */
		4AB44F8429D9BBBC00776012 /* XCRemoteSwiftPackageReference "ViewInspector" */ = {
			isa = XCRemoteSwiftPackageReference;
			repositoryURL = "https://github.com/nalexn/ViewInspector";
			requirement = {
				kind = upToNextMajorVersion;
				minimumVersion = 0.9.5;
			};
		};
/* End XCRemoteSwiftPackageReference section */

/* Begin XCSwiftPackageProductDependency section */
		4AB44F8529D9BBBC00776012 /* ViewInspector */ = {
			isa = XCSwiftPackageProductDependency;
			package = 4AB44F8429D9BBBC00776012 /* XCRemoteSwiftPackageReference "ViewInspector" */;
			productName = ViewInspector;
		};
/* End XCSwiftPackageProductDependency section */
	};
	rootObject = 4A61C2EA29CEDEC9001C898C /* Project object */;
}
