// !$*UTF8*$!
{
	archiveVersion = 1;
	classes = {
	};
	objectVersion = 56;
	objects = {

/* Begin PBXBuildFile section */
		4A0F62C729D302C40016F855 /* StatusModel.swift in Sources */ = {isa = PBXBuildFile; fileRef = 4A0F62C629D302C40016F855 /* StatusModel.swift */; };
		4A0F62C829D302C40016F855 /* StatusModel.swift in Sources */ = {isa = PBXBuildFile; fileRef = 4A0F62C629D302C40016F855 /* StatusModel.swift */; };
		4A0F62CA29D304960016F855 /* HeroView.swift in Sources */ = {isa = PBXBuildFile; fileRef = 4A0F62C929D304960016F855 /* HeroView.swift */; };
		4A0F62CB29D304960016F855 /* HeroView.swift in Sources */ = {isa = PBXBuildFile; fileRef = 4A0F62C929D304960016F855 /* HeroView.swift */; };
		4A0F62CC29D304960016F855 /* HeroView.swift in Sources */ = {isa = PBXBuildFile; fileRef = 4A0F62C929D304960016F855 /* HeroView.swift */; };
		4A2EE1FB29D5EAE500C8093D /* SeriesRowView.swift in Sources */ = {isa = PBXBuildFile; fileRef = 4A2EE1FA29D5EAE500C8093D /* SeriesRowView.swift */; };
		4A2EE1FC29D5EAE500C8093D /* SeriesRowView.swift in Sources */ = {isa = PBXBuildFile; fileRef = 4A2EE1FA29D5EAE500C8093D /* SeriesRowView.swift */; };
		4A2EE1FD29D5EAE500C8093D /* SeriesRowView.swift in Sources */ = {isa = PBXBuildFile; fileRef = 4A2EE1FA29D5EAE500C8093D /* SeriesRowView.swift */; };
		4A2EE1FF29D5F03E00C8093D /* SeriesViewModel.swift in Sources */ = {isa = PBXBuildFile; fileRef = 4A2EE1FE29D5F03E00C8093D /* SeriesViewModel.swift */; };
		4A2EE20029D5F03E00C8093D /* SeriesViewModel.swift in Sources */ = {isa = PBXBuildFile; fileRef = 4A2EE1FE29D5F03E00C8093D /* SeriesViewModel.swift */; };
		4A2EE20229D5F0DC00C8093D /* SeriesModel.swift in Sources */ = {isa = PBXBuildFile; fileRef = 4A2EE20129D5F0DC00C8093D /* SeriesModel.swift */; };
		4A2EE20329D5F0DC00C8093D /* SeriesModel.swift in Sources */ = {isa = PBXBuildFile; fileRef = 4A2EE20129D5F0DC00C8093D /* SeriesModel.swift */; };
		4A61C2F629CEDEC9001C898C /* MarvelSwiftUIApp.swift in Sources */ = {isa = PBXBuildFile; fileRef = 4A61C2F529CEDEC9001C898C /* MarvelSwiftUIApp.swift */; };
		4A61C2FA29CEDECB001C898C /* Assets.xcassets in Resources */ = {isa = PBXBuildFile; fileRef = 4A61C2F929CEDECB001C898C /* Assets.xcassets */; };
		4A61C2FE29CEDECB001C898C /* Preview Assets.xcassets in Resources */ = {isa = PBXBuildFile; fileRef = 4A61C2FD29CEDECB001C898C /* Preview Assets.xcassets */; };
		4A61C32629CEEA87001C898C /* HeroModel.swift in Sources */ = {isa = PBXBuildFile; fileRef = 4A61C32529CEEA87001C898C /* HeroModel.swift */; };
		4A61C32729CEEA87001C898C /* HeroModel.swift in Sources */ = {isa = PBXBuildFile; fileRef = 4A61C32529CEEA87001C898C /* HeroModel.swift */; };
		4A61C32829CEEA87001C898C /* HeroModel.swift in Sources */ = {isa = PBXBuildFile; fileRef = 4A61C32529CEEA87001C898C /* HeroModel.swift */; };
		4A88F80A2ABDEEE700139E55 /* herolist.png in Resources */ = {isa = PBXBuildFile; fileRef = 4A88F8092ABDEEE700139E55 /* herolist.png */; };
		4A88F80C2ABDEF1500139E55 /* detailview.png in Resources */ = {isa = PBXBuildFile; fileRef = 4A88F80B2ABDEF1500139E55 /* detailview.png */; };
		4A95D52929D6E3CB00498D5B /* SeriesView.swift in Sources */ = {isa = PBXBuildFile; fileRef = 4A95D52829D6E3CB00498D5B /* SeriesView.swift */; };
		4A9A66E029D45B1900227423 /* HeroRowView.swift in Sources */ = {isa = PBXBuildFile; fileRef = 4A9A66DF29D45B1900227423 /* HeroRowView.swift */; };
		4A9A66E129D45B1900227423 /* HeroRowView.swift in Sources */ = {isa = PBXBuildFile; fileRef = 4A9A66DF29D45B1900227423 /* HeroRowView.swift */; };
		4A9A66E229D45B1900227423 /* HeroRowView.swift in Sources */ = {isa = PBXBuildFile; fileRef = 4A9A66DF29D45B1900227423 /* HeroRowView.swift */; };
		4AB44F8129D9814700776012 /* MarvelSwiftUITests.swift in Sources */ = {isa = PBXBuildFile; fileRef = 4AB44F8029D9814700776012 /* MarvelSwiftUITests.swift */; };
		4AB44F8329D9824400776012 /* MarvelSwiftUIUITests.swift in Sources */ = {isa = PBXBuildFile; fileRef = 4AB44F8229D9824400776012 /* MarvelSwiftUIUITests.swift */; };
		4AB44F8629D9BBBC00776012 /* ViewInspector in Frameworks */ = {isa = PBXBuildFile; productRef = 4AB44F8529D9BBBC00776012 /* ViewInspector */; };
		4AD93C402AF5565000C4BAD3 /* MainView.swift in Sources */ = {isa = PBXBuildFile; fileRef = 4AD93C3F2AF5565000C4BAD3 /* MainView.swift */; };
		4AD93C412AF5565000C4BAD3 /* MainView.swift in Sources */ = {isa = PBXBuildFile; fileRef = 4AD93C3F2AF5565000C4BAD3 /* MainView.swift */; };
		4AD93C422AF5565000C4BAD3 /* MainView.swift in Sources */ = {isa = PBXBuildFile; fileRef = 4AD93C3F2AF5565000C4BAD3 /* MainView.swift */; };
		4AD93C442AF557A600C4BAD3 /* LoadingView.swift in Sources */ = {isa = PBXBuildFile; fileRef = 4AD93C432AF557A600C4BAD3 /* LoadingView.swift */; };
		4AD93C452AF557A600C4BAD3 /* LoadingView.swift in Sources */ = {isa = PBXBuildFile; fileRef = 4AD93C432AF557A600C4BAD3 /* LoadingView.swift */; };
		4AD93C462AF557A600C4BAD3 /* LoadingView.swift in Sources */ = {isa = PBXBuildFile; fileRef = 4AD93C432AF557A600C4BAD3 /* LoadingView.swift */; };
		4AFB930A29CF103200616EA4 /* ApiService.swift in Sources */ = {isa = PBXBuildFile; fileRef = 4AFB930929CF103200616EA4 /* ApiService.swift */; };
		4AFB930B29CF103200616EA4 /* ApiService.swift in Sources */ = {isa = PBXBuildFile; fileRef = 4AFB930929CF103200616EA4 /* ApiService.swift */; };
		4AFB930D29CF1EEA00616EA4 /* HeroViewModel.swift in Sources */ = {isa = PBXBuildFile; fileRef = 4AFB930C29CF1EEA00616EA4 /* HeroViewModel.swift */; };
		4AFB930E29CF1EEA00616EA4 /* HeroViewModel.swift in Sources */ = {isa = PBXBuildFile; fileRef = 4AFB930C29CF1EEA00616EA4 /* HeroViewModel.swift */; };
		4AFCCF1929DC7A60006F6550 /* SeriesView.swift in Sources */ = {isa = PBXBuildFile; fileRef = 4A95D52829D6E3CB00498D5B /* SeriesView.swift */; };
		4AFCCF1A29DC7A61006F6550 /* SeriesView.swift in Sources */ = {isa = PBXBuildFile; fileRef = 4A95D52829D6E3CB00498D5B /* SeriesView.swift */; };
/* End PBXBuildFile section */

/* Begin PBXContainerItemProxy section */
		4A61C30429CEDECB001C898C /* PBXContainerItemProxy */ = {
			isa = PBXContainerItemProxy;
			containerPortal = 4A61C2EA29CEDEC9001C898C /* Project object */;
			proxyType = 1;
			remoteGlobalIDString = 4A61C2F129CEDEC9001C898C;
			remoteInfo = MarvelSwiftUI;
		};
		4A61C30E29CEDECB001C898C /* PBXContainerItemProxy */ = {
			isa = PBXContainerItemProxy;
			containerPortal = 4A61C2EA29CEDEC9001C898C /* Project object */;
			proxyType = 1;
			remoteGlobalIDString = 4A61C2F129CEDEC9001C898C;
			remoteInfo = MarvelSwiftUI;
		};
/* End PBXContainerItemProxy section */

/* Begin PBXFileReference section */
		4A0F62C629D302C40016F855 /* StatusModel.swift */ = {isa = PBXFileReference; lastKnownFileType = sourcecode.swift; path = StatusModel.swift; sourceTree = "<group>"; };
		4A0F62C929D304960016F855 /* HeroView.swift */ = {isa = PBXFileReference; lastKnownFileType = sourcecode.swift; path = HeroView.swift; sourceTree = "<group>"; };
		4A2EE1FA29D5EAE500C8093D /* SeriesRowView.swift */ = {isa = PBXFileReference; lastKnownFileType = sourcecode.swift; path = SeriesRowView.swift; sourceTree = "<group>"; };
		4A2EE1FE29D5F03E00C8093D /* SeriesViewModel.swift */ = {isa = PBXFileReference; lastKnownFileType = sourcecode.swift; path = SeriesViewModel.swift; sourceTree = "<group>"; };
		4A2EE20129D5F0DC00C8093D /* SeriesModel.swift */ = {isa = PBXFileReference; lastKnownFileType = sourcecode.swift; path = SeriesModel.swift; sourceTree = "<group>"; };
		4A61C2F229CEDEC9001C898C /* MarvelSwiftUI.app */ = {isa = PBXFileReference; explicitFileType = wrapper.application; includeInIndex = 0; path = MarvelSwiftUI.app; sourceTree = BUILT_PRODUCTS_DIR; };
		4A61C2F529CEDEC9001C898C /* MarvelSwiftUIApp.swift */ = {isa = PBXFileReference; lastKnownFileType = sourcecode.swift; path = MarvelSwiftUIApp.swift; sourceTree = "<group>"; };
		4A61C2F929CEDECB001C898C /* Assets.xcassets */ = {isa = PBXFileReference; lastKnownFileType = folder.assetcatalog; path = Assets.xcassets; sourceTree = "<group>"; };
		4A61C2FB29CEDECB001C898C /* MarvelSwiftUI.entitlements */ = {isa = PBXFileReference; lastKnownFileType = text.plist.entitlements; path = MarvelSwiftUI.entitlements; sourceTree = "<group>"; };
		4A61C2FD29CEDECB001C898C /* Preview Assets.xcassets */ = {isa = PBXFileReference; lastKnownFileType = folder.assetcatalog; path = "Preview Assets.xcassets"; sourceTree = "<group>"; };
		4A61C30329CEDECB001C898C /* MarvelSwiftUITests.xctest */ = {isa = PBXFileReference; explicitFileType = wrapper.cfbundle; includeInIndex = 0; path = MarvelSwiftUITests.xctest; sourceTree = BUILT_PRODUCTS_DIR; };
		4A61C30D29CEDECB001C898C /* MarvelSwiftUIUITests.xctest */ = {isa = PBXFileReference; explicitFileType = wrapper.cfbundle; includeInIndex = 0; path = MarvelSwiftUIUITests.xctest; sourceTree = BUILT_PRODUCTS_DIR; };
		4A61C32529CEEA87001C898C /* HeroModel.swift */ = {isa = PBXFileReference; lastKnownFileType = sourcecode.swift; path = HeroModel.swift; sourceTree = "<group>"; };
		4A88F8092ABDEEE700139E55 /* herolist.png */ = {isa = PBXFileReference; lastKnownFileType = image.png; path = herolist.png; sourceTree = "<group>"; };
		4A88F80B2ABDEF1500139E55 /* detailview.png */ = {isa = PBXFileReference; lastKnownFileType = image.png; path = detailview.png; sourceTree = "<group>"; };
		4A95D52829D6E3CB00498D5B /* SeriesView.swift */ = {isa = PBXFileReference; lastKnownFileType = sourcecode.swift; path = SeriesView.swift; sourceTree = "<group>"; };
		4A9A66DF29D45B1900227423 /* HeroRowView.swift */ = {isa = PBXFileReference; lastKnownFileType = sourcecode.swift; path = HeroRowView.swift; sourceTree = "<group>"; };
		4A9A66E329D45E5D00227423 /* Info.plist */ = {isa = PBXFileReference; lastKnownFileType = text.plist; path = Info.plist; sourceTree = "<group>"; };
		4AB44F8029D9814700776012 /* MarvelSwiftUITests.swift */ = {isa = PBXFileReference; fileEncoding = 4; lastKnownFileType = sourcecode.swift; path = MarvelSwiftUITests.swift; sourceTree = "<group>"; };
		4AB44F8229D9824400776012 /* MarvelSwiftUIUITests.swift */ = {isa = PBXFileReference; fileEncoding = 4; lastKnownFileType = sourcecode.swift; path = MarvelSwiftUIUITests.swift; sourceTree = "<group>"; };
		4AD93C3F2AF5565000C4BAD3 /* MainView.swift */ = {isa = PBXFileReference; lastKnownFileType = sourcecode.swift; path = MainView.swift; sourceTree = "<group>"; };
		4AD93C432AF557A600C4BAD3 /* LoadingView.swift */ = {isa = PBXFileReference; lastKnownFileType = sourcecode.swift; path = LoadingView.swift; sourceTree = "<group>"; };
		4AFB930929CF103200616EA4 /* ApiService.swift */ = {isa = PBXFileReference; lastKnownFileType = sourcecode.swift; path = ApiService.swift; sourceTree = "<group>"; };
		4AFB930C29CF1EEA00616EA4 /* HeroViewModel.swift */ = {isa = PBXFileReference; lastKnownFileType = sourcecode.swift; path = HeroViewModel.swift; sourceTree = "<group>"; };
/* End PBXFileReference section */

/* Begin PBXFrameworksBuildPhase section */
		4A61C2EF29CEDEC9001C898C /* Frameworks */ = {
			isa = PBXFrameworksBuildPhase;
			buildActionMask = 2147483647;
			files = (
			);
			runOnlyForDeploymentPostprocessing = 0;
		};
		4A61C30029CEDECB001C898C /* Frameworks */ = {
			isa = PBXFrameworksBuildPhase;
			buildActionMask = 2147483647;
			files = (
				4AB44F8629D9BBBC00776012 /* ViewInspector in Frameworks */,
			);
			runOnlyForDeploymentPostprocessing = 0;
		};
		4A61C30A29CEDECB001C898C /* Frameworks */ = {
			isa = PBXFrameworksBuildPhase;
			buildActionMask = 2147483647;
			files = (
			);
			runOnlyForDeploymentPostprocessing = 0;
		};
/* End PBXFrameworksBuildPhase section */

/* Begin PBXGroup section */
		4A61C2E929CEDEC9001C898C = {
			isa = PBXGroup;
			children = (
				4A61C2F429CEDEC9001C898C /* MarvelSwiftUI */,
				4AB44F7D29D97F3100776012 /* MarvelSwiftUITests */,
				4AB44F7E29D97F4A00776012 /* MarvelSwiftUIUITests */,
				4A61C2F329CEDEC9001C898C /* Products */,
				4A95D52329D6DE6A00498D5B /* Frameworks */,
				4AE857072ABDE93E007EF349 /* Screenshots */,
			);
			sourceTree = "<group>";
		};
		4A61C2F329CEDEC9001C898C /* Products */ = {
			isa = PBXGroup;
			children = (
				4A61C2F229CEDEC9001C898C /* MarvelSwiftUI.app */,
				4A61C30329CEDECB001C898C /* MarvelSwiftUITests.xctest */,
				4A61C30D29CEDECB001C898C /* MarvelSwiftUIUITests.xctest */,
			);
			name = Products;
			sourceTree = "<group>";
		};
		4A61C2F429CEDEC9001C898C /* MarvelSwiftUI */ = {
			isa = PBXGroup;
			children = (
				4A61C32029CEE5FA001C898C /* Models */,
				4A61C32229CEE60E001C898C /* ViewModels */,
				4A61C32129CEE603001C898C /* Views */,
				4A61C32329CEE62F001C898C /* Services */,
				4A61C32429CEE637001C898C /* Tools */,
				4A61C2F529CEDEC9001C898C /* MarvelSwiftUIApp.swift */,
				4A61C2F929CEDECB001C898C /* Assets.xcassets */,
				4A61C2FB29CEDECB001C898C /* MarvelSwiftUI.entitlements */,
				4A9A66E329D45E5D00227423 /* Info.plist */,
				4A61C2FC29CEDECB001C898C /* Preview Content */,
			);
			path = MarvelSwiftUI;
			sourceTree = "<group>";
		};
		4A61C2FC29CEDECB001C898C /* Preview Content */ = {
			isa = PBXGroup;
			children = (
				4A61C2FD29CEDECB001C898C /* Preview Assets.xcassets */,
			);
			path = "Preview Content";
			sourceTree = "<group>";
		};
		4A61C32029CEE5FA001C898C /* Models */ = {
			isa = PBXGroup;
			children = (
				4A61C32529CEEA87001C898C /* HeroModel.swift */,
				4A2EE20129D5F0DC00C8093D /* SeriesModel.swift */,
				4A0F62C629D302C40016F855 /* StatusModel.swift */,
			);
			path = Models;
			sourceTree = "<group>";
		};
		4A61C32129CEE603001C898C /* Views */ = {
			isa = PBXGroup;
			children = (
				4A0F62C929D304960016F855 /* HeroView.swift */,
				4A9A66DF29D45B1900227423 /* HeroRowView.swift */,
				4A2EE1FA29D5EAE500C8093D /* SeriesRowView.swift */,
				4A95D52829D6E3CB00498D5B /* SeriesView.swift */,
				4AD93C3F2AF5565000C4BAD3 /* MainView.swift */,
				4AD93C432AF557A600C4BAD3 /* LoadingView.swift */,
			);
			path = Views;
			sourceTree = "<group>";
		};
		4A61C32229CEE60E001C898C /* ViewModels */ = {
			isa = PBXGroup;
			children = (
				4AFB930C29CF1EEA00616EA4 /* HeroViewModel.swift */,
				4A2EE1FE29D5F03E00C8093D /* SeriesViewModel.swift */,
			);
			path = ViewModels;
			sourceTree = "<group>";
		};
		4A61C32329CEE62F001C898C /* Services */ = {
			isa = PBXGroup;
			children = (
				4AFB930929CF103200616EA4 /* ApiService.swift */,
			);
			path = Services;
			sourceTree = "<group>";
		};
		4A61C32429CEE637001C898C /* Tools */ = {
			isa = PBXGroup;
			children = (
			);
			path = Tools;
			sourceTree = "<group>";
		};
		4A95D52329D6DE6A00498D5B /* Frameworks */ = {
			isa = PBXGroup;
			children = (
			);
			name = Frameworks;
			sourceTree = "<group>";
		};
		4AB44F7D29D97F3100776012 /* MarvelSwiftUITests */ = {
			isa = PBXGroup;
			children = (
				4AB44F8029D9814700776012 /* MarvelSwiftUITests.swift */,
			);
			path = MarvelSwiftUITests;
			sourceTree = "<group>";
		};
		4AB44F7E29D97F4A00776012 /* MarvelSwiftUIUITests */ = {
			isa = PBXGroup;
			children = (
				4AB44F8229D9824400776012 /* MarvelSwiftUIUITests.swift */,
			);
			path = MarvelSwiftUIUITests;
			sourceTree = "<group>";
		};
		4AE857072ABDE93E007EF349 /* Screenshots */ = {
			isa = PBXGroup;
			children = (
				4A88F8092ABDEEE700139E55 /* herolist.png */,
				4A88F80B2ABDEF1500139E55 /* detailview.png */,
			);
			path = Screenshots;
			sourceTree = "<group>";
		};
/* End PBXGroup section */

/* Begin PBXNativeTarget section */
		4A61C2F129CEDEC9001C898C /* MarvelSwiftUI */ = {
			isa = PBXNativeTarget;
			buildConfigurationList = 4A61C31729CEDECB001C898C /* Build configuration list for PBXNativeTarget "MarvelSwiftUI" */;
			buildPhases = (
				4A61C2EE29CEDEC9001C898C /* Sources */,
				4A61C2EF29CEDEC9001C898C /* Frameworks */,
				4A61C2F029CEDEC9001C898C /* Resources */,
			);
			buildRules = (
			);
			dependencies = (
			);
			name = MarvelSwiftUI;
			packageProductDependencies = (
			);
			productName = MarvelSwiftUI;
			productReference = 4A61C2F229CEDEC9001C898C /* MarvelSwiftUI.app */;
			productType = "com.apple.product-type.application";
		};
		4A61C30229CEDECB001C898C /* MarvelSwiftUITests */ = {
			isa = PBXNativeTarget;
			buildConfigurationList = 4A61C31A29CEDECB001C898C /* Build configuration list for PBXNativeTarget "MarvelSwiftUITests" */;
			buildPhases = (
				4A61C2FF29CEDECB001C898C /* Sources */,
				4A61C30029CEDECB001C898C /* Frameworks */,
				4A61C30129CEDECB001C898C /* Resources */,
			);
			buildRules = (
			);
			dependencies = (
				4A61C30529CEDECB001C898C /* PBXTargetDependency */,
			);
			name = MarvelSwiftUITests;
			packageProductDependencies = (
				4AB44F8529D9BBBC00776012 /* ViewInspector */,
			);
			productName = MarvelSwiftUITests;
			productReference = 4A61C30329CEDECB001C898C /* MarvelSwiftUITests.xctest */;
			productType = "com.apple.product-type.bundle.unit-test";
		};
		4A61C30C29CEDECB001C898C /* MarvelSwiftUIUITests */ = {
			isa = PBXNativeTarget;
			buildConfigurationList = 4A61C31D29CEDECB001C898C /* Build configuration list for PBXNativeTarget "MarvelSwiftUIUITests" */;
			buildPhases = (
				4A61C30929CEDECB001C898C /* Sources */,
				4A61C30A29CEDECB001C898C /* Frameworks */,
				4A61C30B29CEDECB001C898C /* Resources */,
			);
			buildRules = (
			);
			dependencies = (
				4A61C30F29CEDECB001C898C /* PBXTargetDependency */,
			);
			name = MarvelSwiftUIUITests;
			packageProductDependencies = (
			);
			productName = MarvelSwiftUIUITests;
			productReference = 4A61C30D29CEDECB001C898C /* MarvelSwiftUIUITests.xctest */;
			productType = "com.apple.product-type.bundle.ui-testing";
		};
/* End PBXNativeTarget section */

/* Begin PBXProject section */
		4A61C2EA29CEDEC9001C898C /* Project object */ = {
			isa = PBXProject;
			attributes = {
				BuildIndependentTargetsInParallel = 1;
				LastSwiftUpdateCheck = 1420;
				LastUpgradeCheck = 1430;
				TargetAttributes = {
					4A61C2F129CEDEC9001C898C = {
						CreatedOnToolsVersion = 14.2;
					};
					4A61C30229CEDECB001C898C = {
						CreatedOnToolsVersion = 14.2;
						TestTargetID = 4A61C2F129CEDEC9001C898C;
					};
					4A61C30C29CEDECB001C898C = {
						CreatedOnToolsVersion = 14.2;
						TestTargetID = 4A61C2F129CEDEC9001C898C;
					};
				};
			};
			buildConfigurationList = 4A61C2ED29CEDEC9001C898C /* Build configuration list for PBXProject "MarvelSwiftUI" */;
			compatibilityVersion = "Xcode 14.0";
			developmentRegion = en;
			hasScannedForEncodings = 0;
			knownRegions = (
				en,
				Base,
			);
			mainGroup = 4A61C2E929CEDEC9001C898C;
			packageReferences = (
				4AB44F8429D9BBBC00776012 /* XCRemoteSwiftPackageReference "ViewInspector" */,
			);
			productRefGroup = 4A61C2F329CEDEC9001C898C /* Products */;
			projectDirPath = "";
			projectRoot = "";
			targets = (
				4A61C2F129CEDEC9001C898C /* MarvelSwiftUI */,
				4A61C30229CEDECB001C898C /* MarvelSwiftUITests */,
				4A61C30C29CEDECB001C898C /* MarvelSwiftUIUITests */,
			);
		};
/* End PBXProject section */

/* Begin PBXResourcesBuildPhase section */
		4A61C2F029CEDEC9001C898C /* Resources */ = {
			isa = PBXResourcesBuildPhase;
			buildActionMask = 2147483647;
			files = (
				4A88F80A2ABDEEE700139E55 /* herolist.png in Resources */,
				4A61C2FE29CEDECB001C898C /* Preview Assets.xcassets in Resources */,
				4A61C2FA29CEDECB001C898C /* Assets.xcassets in Resources */,
				4A88F80C2ABDEF1500139E55 /* detailview.png in Resources */,
			);
			runOnlyForDeploymentPostprocessing = 0;
		};
		4A61C30129CEDECB001C898C /* Resources */ = {
			isa = PBXResourcesBuildPhase;
			buildActionMask = 2147483647;
			files = (
			);
			runOnlyForDeploymentPostprocessing = 0;
		};
		4A61C30B29CEDECB001C898C /* Resources */ = {
			isa = PBXResourcesBuildPhase;
			buildActionMask = 2147483647;
			files = (
			);
			runOnlyForDeploymentPostprocessing = 0;
		};
/* End PBXResourcesBuildPhase section */

/* Begin PBXSourcesBuildPhase section */
		4A61C2EE29CEDEC9001C898C /* Sources */ = {
			isa = PBXSourcesBuildPhase;
			buildActionMask = 2147483647;
			files = (
				4A61C2F629CEDEC9001C898C /* MarvelSwiftUIApp.swift in Sources */,
				4AD93C402AF5565000C4BAD3 /* MainView.swift in Sources */,
				4A95D52929D6E3CB00498D5B /* SeriesView.swift in Sources */,
				4A0F62CA29D304960016F855 /* HeroView.swift in Sources */,
				4A61C32629CEEA87001C898C /* HeroModel.swift in Sources */,
				4A0F62C729D302C40016F855 /* StatusModel.swift in Sources */,
				4A2EE1FF29D5F03E00C8093D /* SeriesViewModel.swift in Sources */,
				4A9A66E029D45B1900227423 /* HeroRowView.swift in Sources */,
				4A2EE1FB29D5EAE500C8093D /* SeriesRowView.swift in Sources */,
				4A2EE20229D5F0DC00C8093D /* SeriesModel.swift in Sources */,
				4AFB930A29CF103200616EA4 /* ApiService.swift in Sources */,
				4AD93C442AF557A600C4BAD3 /* LoadingView.swift in Sources */,
				4AFB930D29CF1EEA00616EA4 /* HeroViewModel.swift in Sources */,
			);
			runOnlyForDeploymentPostprocessing = 0;
		};
		4A61C2FF29CEDECB001C898C /* Sources */ = {
			isa = PBXSourcesBuildPhase;
			buildActionMask = 2147483647;
			files = (
				4AFCCF1929DC7A60006F6550 /* SeriesView.swift in Sources */,
				4AD93C412AF5565000C4BAD3 /* MainView.swift in Sources */,
				4A0F62C829D302C40016F855 /* StatusModel.swift in Sources */,
				4AFB930E29CF1EEA00616EA4 /* HeroViewModel.swift in Sources */,
				4A0F62CB29D304960016F855 /* HeroView.swift in Sources */,
				4A2EE20029D5F03E00C8093D /* SeriesViewModel.swift in Sources */,
				4A9A66E129D45B1900227423 /* HeroRowView.swift in Sources */,
				4A2EE1FC29D5EAE500C8093D /* SeriesRowView.swift in Sources */,
				4A2EE20329D5F0DC00C8093D /* SeriesModel.swift in Sources */,
				4AB44F8129D9814700776012 /* MarvelSwiftUITests.swift in Sources */,
				4A61C32729CEEA87001C898C /* HeroModel.swift in Sources */,
				4AD93C452AF557A600C4BAD3 /* LoadingView.swift in Sources */,
				4AFB930B29CF103200616EA4 /* ApiService.swift in Sources */,
			);
			runOnlyForDeploymentPostprocessing = 0;
		};
		4A61C30929CEDECB001C898C /* Sources */ = {
			isa = PBXSourcesBuildPhase;
			buildActionMask = 2147483647;
			files = (
				4A9A66E229D45B1900227423 /* HeroRowView.swift in Sources */,
				4AD93C422AF5565000C4BAD3 /* MainView.swift in Sources */,
				4AB44F8329D9824400776012 /* MarvelSwiftUIUITests.swift in Sources */,
				4A0F62CC29D304960016F855 /* HeroView.swift in Sources */,
				4A61C32829CEEA87001C898C /* HeroModel.swift in Sources */,
				4AD93C462AF557A600C4BAD3 /* LoadingView.swift in Sources */,
				4A2EE1FD29D5EAE500C8093D /* SeriesRowView.swift in Sources */,
				4AFCCF1A29DC7A61006F6550 /* SeriesView.swift in Sources */,
			);
			runOnlyForDeploymentPostprocessing = 0;
		};
/* End PBXSourcesBuildPhase section */

/* Begin PBXTargetDependency section */
		4A61C30529CEDECB001C898C /* PBXTargetDependency */ = {
			isa = PBXTargetDependency;
			target = 4A61C2F129CEDEC9001C898C /* MarvelSwiftUI */;
			targetProxy = 4A61C30429CEDECB001C898C /* PBXContainerItemProxy */;
		};
		4A61C30F29CEDECB001C898C /* PBXTargetDependency */ = {
			isa = PBXTargetDependency;
			target = 4A61C2F129CEDEC9001C898C /* MarvelSwiftUI */;
			targetProxy = 4A61C30E29CEDECB001C898C /* PBXContainerItemProxy */;
		};
/* End PBXTargetDependency section */

/* Begin XCBuildConfiguration section */
		4A61C31529CEDECB001C898C /* Debug */ = {
			isa = XCBuildConfiguration;
			buildSettings = {
				ALWAYS_SEARCH_USER_PATHS = NO;
				CLANG_ANALYZER_NONNULL = YES;
				CLANG_ANALYZER_NUMBER_OBJECT_CONVERSION = YES_AGGRESSIVE;
				CLANG_CXX_LANGUAGE_STANDARD = "gnu++20";
				CLANG_ENABLE_MODULES = YES;
				CLANG_ENABLE_OBJC_ARC = YES;
				CLANG_ENABLE_OBJC_WEAK = YES;
				CLANG_WARN_BLOCK_CAPTURE_AUTORELEASING = YES;
				CLANG_WARN_BOOL_CONVERSION = YES;
				CLANG_WARN_COMMA = YES;
				CLANG_WARN_CONSTANT_CONVERSION = YES;
				CLANG_WARN_DEPRECATED_OBJC_IMPLEMENTATIONS = YES;
				CLANG_WARN_DIRECT_OBJC_ISA_USAGE = YES_ERROR;
				CLANG_WARN_DOCUMENTATION_COMMENTS = YES;
				CLANG_WARN_EMPTY_BODY = YES;
				CLANG_WARN_ENUM_CONVERSION = YES;
				CLANG_WARN_INFINITE_RECURSION = YES;
				CLANG_WARN_INT_CONVERSION = YES;
				CLANG_WARN_NON_LITERAL_NULL_CONVERSION = YES;
				CLANG_WARN_OBJC_IMPLICIT_RETAIN_SELF = YES;
				CLANG_WARN_OBJC_LITERAL_CONVERSION = YES;
				CLANG_WARN_OBJC_ROOT_CLASS = YES_ERROR;
				CLANG_WARN_QUOTED_INCLUDE_IN_FRAMEWORK_HEADER = YES;
				CLANG_WARN_RANGE_LOOP_ANALYSIS = YES;
				CLANG_WARN_STRICT_PROTOTYPES = YES;
				CLANG_WARN_SUSPICIOUS_MOVE = YES;
				CLANG_WARN_UNGUARDED_AVAILABILITY = YES_AGGRESSIVE;
				CLANG_WARN_UNREACHABLE_CODE = YES;
				CLANG_WARN__DUPLICATE_METHOD_MATCH = YES;
				COPY_PHASE_STRIP = NO;
				DEAD_CODE_STRIPPING = YES;
				DEBUG_INFORMATION_FORMAT = dwarf;
				ENABLE_STRICT_OBJC_MSGSEND = YES;
				ENABLE_TESTABILITY = YES;
				GCC_C_LANGUAGE_STANDARD = gnu11;
				GCC_DYNAMIC_NO_PIC = NO;
				GCC_NO_COMMON_BLOCKS = YES;
				GCC_OPTIMIZATION_LEVEL = 0;
				GCC_PREPROCESSOR_DEFINITIONS = (
					"DEBUG=1",
					"$(inherited)",
				);
				GCC_WARN_64_TO_32_BIT_CONVERSION = YES;
				GCC_WARN_ABOUT_RETURN_TYPE = YES_ERROR;
				GCC_WARN_UNDECLARED_SELECTOR = YES;
				GCC_WARN_UNINITIALIZED_AUTOS = YES_AGGRESSIVE;
				GCC_WARN_UNUSED_FUNCTION = YES;
				GCC_WARN_UNUSED_VARIABLE = YES;
				MTL_ENABLE_DEBUG_INFO = INCLUDE_SOURCE;
				MTL_FAST_MATH = YES;
				ONLY_ACTIVE_ARCH = YES;
				SWIFT_ACTIVE_COMPILATION_CONDITIONS = DEBUG;
				SWIFT_OPTIMIZATION_LEVEL = "-Onone";
			};
			name = Debug;
		};
		4A61C31629CEDECB001C898C /* Release */ = {
			isa = XCBuildConfiguration;
			buildSettings = {
				ALWAYS_SEARCH_USER_PATHS = NO;
				CLANG_ANALYZER_NONNULL = YES;
				CLANG_ANALYZER_NUMBER_OBJECT_CONVERSION = YES_AGGRESSIVE;
				CLANG_CXX_LANGUAGE_STANDARD = "gnu++20";
				CLANG_ENABLE_MODULES = YES;
				CLANG_ENABLE_OBJC_ARC = YES;
				CLANG_ENABLE_OBJC_WEAK = YES;
				CLANG_WARN_BLOCK_CAPTURE_AUTORELEASING = YES;
				CLANG_WARN_BOOL_CONVERSION = YES;
				CLANG_WARN_COMMA = YES;
				CLANG_WARN_CONSTANT_CONVERSION = YES;
				CLANG_WARN_DEPRECATED_OBJC_IMPLEMENTATIONS = YES;
				CLANG_WARN_DIRECT_OBJC_ISA_USAGE = YES_ERROR;
				CLANG_WARN_DOCUMENTATION_COMMENTS = YES;
				CLANG_WARN_EMPTY_BODY = YES;
				CLANG_WARN_ENUM_CONVERSION = YES;
				CLANG_WARN_INFINITE_RECURSION = YES;
				CLANG_WARN_INT_CONVERSION = YES;
				CLANG_WARN_NON_LITERAL_NULL_CONVERSION = YES;
				CLANG_WARN_OBJC_IMPLICIT_RETAIN_SELF = YES;
				CLANG_WARN_OBJC_LITERAL_CONVERSION = YES;
				CLANG_WARN_OBJC_ROOT_CLASS = YES_ERROR;
				CLANG_WARN_QUOTED_INCLUDE_IN_FRAMEWORK_HEADER = YES;
				CLANG_WARN_RANGE_LOOP_ANALYSIS = YES;
				CLANG_WARN_STRICT_PROTOTYPES = YES;
				CLANG_WARN_SUSPICIOUS_MOVE = YES;
				CLANG_WARN_UNGUARDED_AVAILABILITY = YES_AGGRESSIVE;
				CLANG_WARN_UNREACHABLE_CODE = YES;
				CLANG_WARN__DUPLICATE_METHOD_MATCH = YES;
				COPY_PHASE_STRIP = NO;
				DEAD_CODE_STRIPPING = YES;
				DEBUG_INFORMATION_FORMAT = "dwarf-with-dsym";
				ENABLE_NS_ASSERTIONS = NO;
				ENABLE_STRICT_OBJC_MSGSEND = YES;
				GCC_C_LANGUAGE_STANDARD = gnu11;
				GCC_NO_COMMON_BLOCKS = YES;
				GCC_WARN_64_TO_32_BIT_CONVERSION = YES;
				GCC_WARN_ABOUT_RETURN_TYPE = YES_ERROR;
				GCC_WARN_UNDECLARED_SELECTOR = YES;
				GCC_WARN_UNINITIALIZED_AUTOS = YES_AGGRESSIVE;
				GCC_WARN_UNUSED_FUNCTION = YES;
				GCC_WARN_UNUSED_VARIABLE = YES;
				MTL_ENABLE_DEBUG_INFO = NO;
				MTL_FAST_MATH = YES;
				SWIFT_COMPILATION_MODE = wholemodule;
				SWIFT_OPTIMIZATION_LEVEL = "-O";
			};
			name = Release;
		};
		4A61C31829CEDECB001C898C /* Debug */ = {
			isa = XCBuildConfiguration;
			buildSettings = {
				ASSETCATALOG_COMPILER_APPICON_NAME = AppIcon;
				ASSETCATALOG_COMPILER_GLOBAL_ACCENT_COLOR_NAME = AccentColor;
				CODE_SIGN_ENTITLEMENTS = MarvelSwiftUI/MarvelSwiftUI.entitlements;
				"CODE_SIGN_IDENTITY[sdk=macosx*]" = "-";
				CODE_SIGN_STYLE = Automatic;
				CURRENT_PROJECT_VERSION = 1;
				DEAD_CODE_STRIPPING = YES;
				DEVELOPMENT_ASSET_PATHS = "\"MarvelSwiftUI/Preview Content\"";
				DEVELOPMENT_TEAM = "";
				ENABLE_PREVIEWS = YES;
				GENERATE_INFOPLIST_FILE = YES;
				INFOPLIST_FILE = MarvelSwiftUI/Info.plist;
				INFOPLIST_KEY_CFBundleDisplayName = "Marvel Heroes";
				"INFOPLIST_KEY_UIApplicationSceneManifest_Generation[sdk=iphoneos*]" = YES;
				"INFOPLIST_KEY_UIApplicationSceneManifest_Generation[sdk=iphonesimulator*]" = YES;
				"INFOPLIST_KEY_UIApplicationSupportsIndirectInputEvents[sdk=iphoneos*]" = YES;
				"INFOPLIST_KEY_UIApplicationSupportsIndirectInputEvents[sdk=iphonesimulator*]" = YES;
				"INFOPLIST_KEY_UILaunchScreen_Generation[sdk=iphoneos*]" = YES;
				"INFOPLIST_KEY_UILaunchScreen_Generation[sdk=iphonesimulator*]" = YES;
				"INFOPLIST_KEY_UIStatusBarStyle[sdk=iphoneos*]" = UIStatusBarStyleDefault;
				"INFOPLIST_KEY_UIStatusBarStyle[sdk=iphonesimulator*]" = UIStatusBarStyleDefault;
				INFOPLIST_KEY_UISupportedInterfaceOrientations_iPad = "UIInterfaceOrientationPortrait UIInterfaceOrientationPortraitUpsideDown UIInterfaceOrientationLandscapeLeft UIInterfaceOrientationLandscapeRight";
				INFOPLIST_KEY_UISupportedInterfaceOrientations_iPhone = "UIInterfaceOrientationPortrait UIInterfaceOrientationLandscapeLeft UIInterfaceOrientationLandscapeRight";
				IPHONEOS_DEPLOYMENT_TARGET = 16.2;
				LD_RUNPATH_SEARCH_PATHS = "@executable_path/Frameworks";
				"LD_RUNPATH_SEARCH_PATHS[sdk=macosx*]" = "@executable_path/../Frameworks";
				MACOSX_DEPLOYMENT_TARGET = 13.1;
				MARKETING_VERSION = 1.0;
				PRODUCT_BUNDLE_IDENTIFIER = ericolsson.MarvelSwiftUI;
				PRODUCT_NAME = "$(TARGET_NAME)";
				SDKROOT = auto;
				SUPPORTED_PLATFORMS = "iphoneos iphonesimulator macosx";
				SWIFT_EMIT_LOC_STRINGS = YES;
				SWIFT_VERSION = 5.0;
				TARGETED_DEVICE_FAMILY = "1,2";
			};
			name = Debug;
		};
		4A61C31929CEDECB001C898C /* Release */ = {
			isa = XCBuildConfiguration;
			buildSettings = {
				ASSETCATALOG_COMPILER_APPICON_NAME = AppIcon;
				ASSETCATALOG_COMPILER_GLOBAL_ACCENT_COLOR_NAME = AccentColor;
				CODE_SIGN_ENTITLEMENTS = MarvelSwiftUI/MarvelSwiftUI.entitlements;
				"CODE_SIGN_IDENTITY[sdk=macosx*]" = "-";
				CODE_SIGN_STYLE = Automatic;
				CURRENT_PROJECT_VERSION = 1;
				DEAD_CODE_STRIPPING = YES;
				DEVELOPMENT_ASSET_PATHS = "\"MarvelSwiftUI/Preview Content\"";
				DEVELOPMENT_TEAM = "";
				ENABLE_PREVIEWS = YES;
				GENERATE_INFOPLIST_FILE = YES;
				INFOPLIST_FILE = MarvelSwiftUI/Info.plist;
				INFOPLIST_KEY_CFBundleDisplayName = "Marvel Heroes";
				"INFOPLIST_KEY_UIApplicationSceneManifest_Generation[sdk=iphoneos*]" = YES;
				"INFOPLIST_KEY_UIApplicationSceneManifest_Generation[sdk=iphonesimulator*]" = YES;
				"INFOPLIST_KEY_UIApplicationSupportsIndirectInputEvents[sdk=iphoneos*]" = YES;
				"INFOPLIST_KEY_UIApplicationSupportsIndirectInputEvents[sdk=iphonesimulator*]" = YES;
				"INFOPLIST_KEY_UILaunchScreen_Generation[sdk=iphoneos*]" = YES;
				"INFOPLIST_KEY_UILaunchScreen_Generation[sdk=iphonesimulator*]" = YES;
				"INFOPLIST_KEY_UIStatusBarStyle[sdk=iphoneos*]" = UIStatusBarStyleDefault;
				"INFOPLIST_KEY_UIStatusBarStyle[sdk=iphonesimulator*]" = UIStatusBarStyleDefault;
				INFOPLIST_KEY_UISupportedInterfaceOrientations_iPad = "UIInterfaceOrientationPortrait UIInterfaceOrientationPortraitUpsideDown UIInterfaceOrientationLandscapeLeft UIInterfaceOrientationLandscapeRight";
				INFOPLIST_KEY_UISupportedInterfaceOrientations_iPhone = "UIInterfaceOrientationPortrait UIInterfaceOrientationLandscapeLeft UIInterfaceOrientationLandscapeRight";
				IPHONEOS_DEPLOYMENT_TARGET = 16.2;
				LD_RUNPATH_SEARCH_PATHS = "@executable_path/Frameworks";
				"LD_RUNPATH_SEARCH_PATHS[sdk=macosx*]" = "@executable_path/../Frameworks";
				MACOSX_DEPLOYMENT_TARGET = 13.1;
				MARKETING_VERSION = 1.0;
				PRODUCT_BUNDLE_IDENTIFIER = ericolsson.MarvelSwiftUI;
				PRODUCT_NAME = "$(TARGET_NAME)";
				SDKROOT = auto;
				SUPPORTED_PLATFORMS = "iphoneos iphonesimulator macosx";
				SWIFT_EMIT_LOC_STRINGS = YES;
				SWIFT_VERSION = 5.0;
				TARGETED_DEVICE_FAMILY = "1,2";
			};
			name = Release;
		};
		4A61C31B29CEDECB001C898C /* Debug */ = {
			isa = XCBuildConfiguration;
			buildSettings = {
				ALWAYS_EMBED_SWIFT_STANDARD_LIBRARIES = YES;
				BUNDLE_LOADER = "$(TEST_HOST)";
				CODE_SIGN_STYLE = Automatic;
				CURRENT_PROJECT_VERSION = 1;
				DEAD_CODE_STRIPPING = YES;
				GENERATE_INFOPLIST_FILE = YES;
				IPHONEOS_DEPLOYMENT_TARGET = 16.2;
				MACOSX_DEPLOYMENT_TARGET = 13.1;
				MARKETING_VERSION = 1.0;
				PRODUCT_BUNDLE_IDENTIFIER = ericolsson.MarvelSwiftUITests;
				PRODUCT_NAME = "$(TARGET_NAME)";
				SDKROOT = auto;
				SUPPORTED_PLATFORMS = "iphoneos iphonesimulator macosx";
				SWIFT_EMIT_LOC_STRINGS = NO;
				SWIFT_VERSION = 5.0;
				TARGETED_DEVICE_FAMILY = "1,2";
				TEST_HOST = "$(BUILT_PRODUCTS_DIR)/MarvelSwiftUI.app/$(BUNDLE_EXECUTABLE_FOLDER_PATH)/MarvelSwiftUI";
			};
			name = Debug;
		};
		4A61C31C29CEDECB001C898C /* Release */ = {
			isa = XCBuildConfiguration;
			buildSettings = {
				ALWAYS_EMBED_SWIFT_STANDARD_LIBRARIES = YES;
				BUNDLE_LOADER = "$(TEST_HOST)";
				CODE_SIGN_STYLE = Automatic;
				CURRENT_PROJECT_VERSION = 1;
				DEAD_CODE_STRIPPING = YES;
				GENERATE_INFOPLIST_FILE = YES;
				IPHONEOS_DEPLOYMENT_TARGET = 16.2;
				MACOSX_DEPLOYMENT_TARGET = 13.1;
				MARKETING_VERSION = 1.0;
				PRODUCT_BUNDLE_IDENTIFIER = ericolsson.MarvelSwiftUITests;
				PRODUCT_NAME = "$(TARGET_NAME)";
				SDKROOT = auto;
				SUPPORTED_PLATFORMS = "iphoneos iphonesimulator macosx";
				SWIFT_EMIT_LOC_STRINGS = NO;
				SWIFT_VERSION = 5.0;
				TARGETED_DEVICE_FAMILY = "1,2";
				TEST_HOST = "$(BUILT_PRODUCTS_DIR)/MarvelSwiftUI.app/$(BUNDLE_EXECUTABLE_FOLDER_PATH)/MarvelSwiftUI";
			};
			name = Release;
		};
		4A61C31E29CEDECB001C898C /* Debug */ = {
			isa = XCBuildConfiguration;
			buildSettings = {
				ALWAYS_EMBED_SWIFT_STANDARD_LIBRARIES = YES;
				CODE_SIGN_STYLE = Automatic;
				CURRENT_PROJECT_VERSION = 1;
				DEAD_CODE_STRIPPING = YES;
				GENERATE_INFOPLIST_FILE = YES;
				IPHONEOS_DEPLOYMENT_TARGET = 16.2;
				MACOSX_DEPLOYMENT_TARGET = 13.1;
				MARKETING_VERSION = 1.0;
				PRODUCT_BUNDLE_IDENTIFIER = ericolsson.MarvelSwiftUIUITests;
				PRODUCT_NAME = "$(TARGET_NAME)";
				SDKROOT = auto;
				SUPPORTED_PLATFORMS = "iphoneos iphonesimulator macosx";
				SWIFT_EMIT_LOC_STRINGS = NO;
				SWIFT_VERSION = 5.0;
				TARGETED_DEVICE_FAMILY = "1,2";
				TEST_TARGET_NAME = MarvelSwiftUI;
			};
			name = Debug;
		};
		4A61C31F29CEDECB001C898C /* Release */ = {
			isa = XCBuildConfiguration;
			buildSettings = {
				ALWAYS_EMBED_SWIFT_STANDARD_LIBRARIES = YES;
				CODE_SIGN_STYLE = Automatic;
				CURRENT_PROJECT_VERSION = 1;
				DEAD_CODE_STRIPPING = YES;
				GENERATE_INFOPLIST_FILE = YES;
				IPHONEOS_DEPLOYMENT_TARGET = 16.2;
				MACOSX_DEPLOYMENT_TARGET = 13.1;
				MARKETING_VERSION = 1.0;
				PRODUCT_BUNDLE_IDENTIFIER = ericolsson.MarvelSwiftUIUITests;
				PRODUCT_NAME = "$(TARGET_NAME)";
				SDKROOT = auto;
				SUPPORTED_PLATFORMS = "iphoneos iphonesimulator macosx";
				SWIFT_EMIT_LOC_STRINGS = NO;
				SWIFT_VERSION = 5.0;
				TARGETED_DEVICE_FAMILY = "1,2";
				TEST_TARGET_NAME = MarvelSwiftUI;
			};
			name = Release;
		};
/* End XCBuildConfiguration section */

/* Begin XCConfigurationList section */
		4A61C2ED29CEDEC9001C898C /* Build configuration list for PBXProject "MarvelSwiftUI" */ = {
			isa = XCConfigurationList;
			buildConfigurations = (
				4A61C31529CEDECB001C898C /* Debug */,
				4A61C31629CEDECB001C898C /* Release */,
			);
			defaultConfigurationIsVisible = 0;
			defaultConfigurationName = Release;
		};
		4A61C31729CEDECB001C898C /* Build configuration list for PBXNativeTarget "MarvelSwiftUI" */ = {
			isa = XCConfigurationList;
			buildConfigurations = (
				4A61C31829CEDECB001C898C /* Debug */,
				4A61C31929CEDECB001C898C /* Release */,
			);
			defaultConfigurationIsVisible = 0;
			defaultConfigurationName = Release;
		};
		4A61C31A29CEDECB001C898C /* Build configuration list for PBXNativeTarget "MarvelSwiftUITests" */ = {
			isa = XCConfigurationList;
			buildConfigurations = (
				4A61C31B29CEDECB001C898C /* Debug */,
				4A61C31C29CEDECB001C898C /* Release */,
			);
			defaultConfigurationIsVisible = 0;
			defaultConfigurationName = Release;
		};
		4A61C31D29CEDECB001C898C /* Build configuration list for PBXNativeTarget "MarvelSwiftUIUITests" */ = {
			isa = XCConfigurationList;
			buildConfigurations = (
				4A61C31E29CEDECB001C898C /* Debug */,
				4A61C31F29CEDECB001C898C /* Release */,
			);
			defaultConfigurationIsVisible = 0;
			defaultConfigurationName = Release;
		};
/* End XCConfigurationList section */

/* Begin XCRemoteSwiftPackageReference section */
		4AB44F8429D9BBBC00776012 /* XCRemoteSwiftPackageReference "ViewInspector" */ = {
			isa = XCRemoteSwiftPackageReference;
			repositoryURL = "https://github.com/nalexn/ViewInspector";
			requirement = {
				kind = upToNextMajorVersion;
				minimumVersion = 0.9.5;
			};
		};
/* End XCRemoteSwiftPackageReference section */

/* Begin XCSwiftPackageProductDependency section */
		4AB44F8529D9BBBC00776012 /* ViewInspector */ = {
			isa = XCSwiftPackageProductDependency;
			package = 4AB44F8429D9BBBC00776012 /* XCRemoteSwiftPackageReference "ViewInspector" */;
			productName = ViewInspector;
		};
/* End XCSwiftPackageProductDependency section */
	};
	rootObject = 4A61C2EA29CEDEC9001C898C /* Project object */;
}
